// !$*UTF8*$!
{
	archiveVersion = 1;
	classes = {
	};
	objectVersion = 51;
	objects = {

/* Begin PBXBuildFile section */
		2936291563C12C467557490B /* Pods_HamMessengerTests.framework in Frameworks */ = {isa = PBXBuildFile; fileRef = A173A8E9018FFBA6C7FD53DB /* Pods_HamMessengerTests.framework */; };
		7A444605913FAF1FA0009236 /* Pods_HamMessenger.framework in Frameworks */ = {isa = PBXBuildFile; fileRef = 2E14BEFF806209759181B431 /* Pods_HamMessenger.framework */; };
		8B122C5C24910BC400AD974C /* CallSettingsController.swift in Sources */ = {isa = PBXBuildFile; fileRef = 8B122C5B24910BC400AD974C /* CallSettingsController.swift */; };
		8B2D82C5245362C3007C718F /* FirstStart.storyboard in Resources */ = {isa = PBXBuildFile; fileRef = 8B2D82C3245362C2007C718F /* FirstStart.storyboard */; };
		8B53469C24531D6900BAC69D /* PrivateMessage.swift in Sources */ = {isa = PBXBuildFile; fileRef = 8B53469724531D6900BAC69D /* PrivateMessage.swift */; };
		8B53469D24531D6900BAC69D /* PrivateMessageTableViewCellOwn.swift in Sources */ = {isa = PBXBuildFile; fileRef = 8B53469824531D6900BAC69D /* PrivateMessageTableViewCellOwn.swift */; };
		8B53469E24531D6900BAC69D /* PrivateNavigationViewController.swift in Sources */ = {isa = PBXBuildFile; fileRef = 8B53469924531D6900BAC69D /* PrivateNavigationViewController.swift */; };
		8B53469F24531D6900BAC69D /* PrivateMessageController.swift in Sources */ = {isa = PBXBuildFile; fileRef = 8B53469A24531D6900BAC69D /* PrivateMessageController.swift */; };
		8B5346A024531D6900BAC69D /* PrivateMessageTableViewCell.swift in Sources */ = {isa = PBXBuildFile; fileRef = 8B53469B24531D6900BAC69D /* PrivateMessageTableViewCell.swift */; };
		8B5346A324531D9200BAC69D /* TabBarController.swift in Sources */ = {isa = PBXBuildFile; fileRef = 8B5346A224531D9200BAC69D /* TabBarController.swift */; };
		8B5346A924531E0800BAC69D /* PayloadTypes.swift in Sources */ = {isa = PBXBuildFile; fileRef = 8B5346A524531E0800BAC69D /* PayloadTypes.swift */; };
		8B5346AA24531E0800BAC69D /* ProtocolSettings.swift in Sources */ = {isa = PBXBuildFile; fileRef = 8B5346A624531E0800BAC69D /* ProtocolSettings.swift */; };
		8B5346AB24531E0800BAC69D /* HamMessage.swift in Sources */ = {isa = PBXBuildFile; fileRef = 8B5346A724531E0800BAC69D /* HamMessage.swift */; };
		8B5346AC24531E0800BAC69D /* NBSError.swift in Sources */ = {isa = PBXBuildFile; fileRef = 8B5346A824531E0800BAC69D /* NBSError.swift */; };
		8B5346B024531E2100BAC69D /* TCPController.swift in Sources */ = {isa = PBXBuildFile; fileRef = 8B5346AE24531E2100BAC69D /* TCPController.swift */; };
		8B5346B124531E2100BAC69D /* TCPStuff.swift in Sources */ = {isa = PBXBuildFile; fileRef = 8B5346AF24531E2100BAC69D /* TCPStuff.swift */; };
		8B5346B524531E5600BAC69D /* SettingsController.swift in Sources */ = {isa = PBXBuildFile; fileRef = 8B5346B324531E5600BAC69D /* SettingsController.swift */; };
		8B5346B624531E5600BAC69D /* SettingsManager.swift in Sources */ = {isa = PBXBuildFile; fileRef = 8B5346B424531E5600BAC69D /* SettingsManager.swift */; };
		8B5346BA24531ED600BAC69D /* DBMan.swift in Sources */ = {isa = PBXBuildFile; fileRef = 8B5346B824531ED600BAC69D /* DBMan.swift */; };
		8B5346BB24531ED600BAC69D /* PrivateMessagesDB.swift in Sources */ = {isa = PBXBuildFile; fileRef = 8B5346B924531ED600BAC69D /* PrivateMessagesDB.swift */; };
		8B7960592452FD5200CF7796 /* AppDelegate.swift in Sources */ = {isa = PBXBuildFile; fileRef = 8B7960582452FD5200CF7796 /* AppDelegate.swift */; };
		8B79605B2452FD5200CF7796 /* SceneDelegate.swift in Sources */ = {isa = PBXBuildFile; fileRef = 8B79605A2452FD5200CF7796 /* SceneDelegate.swift */; };
		8B7960622452FD5200CF7796 /* Main.storyboard in Resources */ = {isa = PBXBuildFile; fileRef = 8B7960602452FD5200CF7796 /* Main.storyboard */; };
		8B7960642452FD5300CF7796 /* Assets.xcassets in Resources */ = {isa = PBXBuildFile; fileRef = 8B7960632452FD5300CF7796 /* Assets.xcassets */; };
		8B7960672452FD5300CF7796 /* LaunchScreen.storyboard in Resources */ = {isa = PBXBuildFile; fileRef = 8B7960652452FD5300CF7796 /* LaunchScreen.storyboard */; };
		8B7960722452FD5300CF7796 /* HamMessengerTests.swift in Sources */ = {isa = PBXBuildFile; fileRef = 8B7960712452FD5300CF7796 /* HamMessengerTests.swift */; };
		8B79607D2452FD5300CF7796 /* HamMessengerUITests.swift in Sources */ = {isa = PBXBuildFile; fileRef = 8B79607C2452FD5300CF7796 /* HamMessengerUITests.swift */; };
		8BE8892824531BAF00DA8029 /* Settings.bundle in Resources */ = {isa = PBXBuildFile; fileRef = 8BE8891F24531BAE00DA8029 /* Settings.bundle */; };
		8BE8892E24531BAF00DA8029 /* OnlineHandler.swift in Sources */ = {isa = PBXBuildFile; fileRef = 8BE8892524531BAE00DA8029 /* OnlineHandler.swift */; };
		8BE8893424531C6600DA8029 /* MessageTableViewCell.swift in Sources */ = {isa = PBXBuildFile; fileRef = 8BE8893124531C6600DA8029 /* MessageTableViewCell.swift */; };
		8BE8893524531C6600DA8029 /* MessageTableViewController.swift in Sources */ = {isa = PBXBuildFile; fileRef = 8BE8893224531C6600DA8029 /* MessageTableViewController.swift */; };
		8BE8893624531C6600DA8029 /* ReceivedMessage.swift in Sources */ = {isa = PBXBuildFile; fileRef = 8BE8893324531C6600DA8029 /* ReceivedMessage.swift */; };
		8BE8893C24531CC400DA8029 /* OnlineTableViewCellOffline.swift in Sources */ = {isa = PBXBuildFile; fileRef = 8BE8893824531CC400DA8029 /* OnlineTableViewCellOffline.swift */; };
		8BE8893D24531CC400DA8029 /* OnlineCall.swift in Sources */ = {isa = PBXBuildFile; fileRef = 8BE8893924531CC400DA8029 /* OnlineCall.swift */; };
		8BE8893E24531CC400DA8029 /* OnlineTableViewCell.swift in Sources */ = {isa = PBXBuildFile; fileRef = 8BE8893A24531CC400DA8029 /* OnlineTableViewCell.swift */; };
		8BE8893F24531CC400DA8029 /* OnlineTableViewController.swift in Sources */ = {isa = PBXBuildFile; fileRef = 8BE8893B24531CC400DA8029 /* OnlineTableViewController.swift */; };
		8BFCCCF22459D6870020F902 /* PrivateMessageDataDB.swift in Sources */ = {isa = PBXBuildFile; fileRef = 8BFCCCF12459D6870020F902 /* PrivateMessageDataDB.swift */; };
		DA78D903FB2DBDE4EBF4FFF5 /* Pods_HamMessengerUITests.framework in Frameworks */ = {isa = PBXBuildFile; fileRef = 401F50B2712B9E9C662F697F /* Pods_HamMessengerUITests.framework */; };
/* End PBXBuildFile section */

/* Begin PBXContainerItemProxy section */
		8B79606E2452FD5300CF7796 /* PBXContainerItemProxy */ = {
			isa = PBXContainerItemProxy;
			containerPortal = 8B79604D2452FD5200CF7796 /* Project object */;
			proxyType = 1;
			remoteGlobalIDString = 8B7960542452FD5200CF7796;
			remoteInfo = HamMessenger;
		};
		8B7960792452FD5300CF7796 /* PBXContainerItemProxy */ = {
			isa = PBXContainerItemProxy;
			containerPortal = 8B79604D2452FD5200CF7796 /* Project object */;
			proxyType = 1;
			remoteGlobalIDString = 8B7960542452FD5200CF7796;
			remoteInfo = HamMessenger;
		};
/* End PBXContainerItemProxy section */

/* Begin PBXFileReference section */
		1A73F880D86ACD8AAD4D0241 /* Pods-HamMessengerTests.release.xcconfig */ = {isa = PBXFileReference; includeInIndex = 1; lastKnownFileType = text.xcconfig; name = "Pods-HamMessengerTests.release.xcconfig"; path = "Target Support Files/Pods-HamMessengerTests/Pods-HamMessengerTests.release.xcconfig"; sourceTree = "<group>"; };
		2E14BEFF806209759181B431 /* Pods_HamMessenger.framework */ = {isa = PBXFileReference; explicitFileType = wrapper.framework; includeInIndex = 0; path = Pods_HamMessenger.framework; sourceTree = BUILT_PRODUCTS_DIR; };
		401F50B2712B9E9C662F697F /* Pods_HamMessengerUITests.framework */ = {isa = PBXFileReference; explicitFileType = wrapper.framework; includeInIndex = 0; path = Pods_HamMessengerUITests.framework; sourceTree = BUILT_PRODUCTS_DIR; };
		4B6BC153C2A70CBAE8C37BDD /* Pods-HamMessenger.debug.xcconfig */ = {isa = PBXFileReference; includeInIndex = 1; lastKnownFileType = text.xcconfig; name = "Pods-HamMessenger.debug.xcconfig"; path = "Target Support Files/Pods-HamMessenger/Pods-HamMessenger.debug.xcconfig"; sourceTree = "<group>"; };
		732FCA4222ED85CE5C069A97 /* Pods-HamMessenger.release.xcconfig */ = {isa = PBXFileReference; includeInIndex = 1; lastKnownFileType = text.xcconfig; name = "Pods-HamMessenger.release.xcconfig"; path = "Target Support Files/Pods-HamMessenger/Pods-HamMessenger.release.xcconfig"; sourceTree = "<group>"; };
		8B122C5B24910BC400AD974C /* CallSettingsController.swift */ = {isa = PBXFileReference; lastKnownFileType = sourcecode.swift; path = CallSettingsController.swift; sourceTree = "<group>"; };
		8B2D82C4245362C2007C718F /* Base */ = {isa = PBXFileReference; lastKnownFileType = file.storyboard; name = Base; path = Base.lproj/FirstStart.storyboard; sourceTree = "<group>"; };
		8B53469724531D6900BAC69D /* PrivateMessage.swift */ = {isa = PBXFileReference; fileEncoding = 4; lastKnownFileType = sourcecode.swift; path = PrivateMessage.swift; sourceTree = "<group>"; };
		8B53469824531D6900BAC69D /* PrivateMessageTableViewCellOwn.swift */ = {isa = PBXFileReference; fileEncoding = 4; lastKnownFileType = sourcecode.swift; path = PrivateMessageTableViewCellOwn.swift; sourceTree = "<group>"; };
		8B53469924531D6900BAC69D /* PrivateNavigationViewController.swift */ = {isa = PBXFileReference; fileEncoding = 4; lastKnownFileType = sourcecode.swift; path = PrivateNavigationViewController.swift; sourceTree = "<group>"; };
		8B53469A24531D6900BAC69D /* PrivateMessageController.swift */ = {isa = PBXFileReference; fileEncoding = 4; lastKnownFileType = sourcecode.swift; path = PrivateMessageController.swift; sourceTree = "<group>"; };
		8B53469B24531D6900BAC69D /* PrivateMessageTableViewCell.swift */ = {isa = PBXFileReference; fileEncoding = 4; lastKnownFileType = sourcecode.swift; path = PrivateMessageTableViewCell.swift; sourceTree = "<group>"; };
		8B5346A224531D9200BAC69D /* TabBarController.swift */ = {isa = PBXFileReference; fileEncoding = 4; lastKnownFileType = sourcecode.swift; path = TabBarController.swift; sourceTree = "<group>"; };
		8B5346A524531E0800BAC69D /* PayloadTypes.swift */ = {isa = PBXFileReference; fileEncoding = 4; lastKnownFileType = sourcecode.swift; path = PayloadTypes.swift; sourceTree = "<group>"; };
		8B5346A624531E0800BAC69D /* ProtocolSettings.swift */ = {isa = PBXFileReference; fileEncoding = 4; lastKnownFileType = sourcecode.swift; path = ProtocolSettings.swift; sourceTree = "<group>"; };
		8B5346A724531E0800BAC69D /* HamMessage.swift */ = {isa = PBXFileReference; fileEncoding = 4; lastKnownFileType = sourcecode.swift; path = HamMessage.swift; sourceTree = "<group>"; };
		8B5346A824531E0800BAC69D /* NBSError.swift */ = {isa = PBXFileReference; fileEncoding = 4; lastKnownFileType = sourcecode.swift; path = NBSError.swift; sourceTree = "<group>"; };
		8B5346AE24531E2100BAC69D /* TCPController.swift */ = {isa = PBXFileReference; fileEncoding = 4; lastKnownFileType = sourcecode.swift; path = TCPController.swift; sourceTree = "<group>"; };
		8B5346AF24531E2100BAC69D /* TCPStuff.swift */ = {isa = PBXFileReference; fileEncoding = 4; lastKnownFileType = sourcecode.swift; path = TCPStuff.swift; sourceTree = "<group>"; };
		8B5346B324531E5600BAC69D /* SettingsController.swift */ = {isa = PBXFileReference; fileEncoding = 4; lastKnownFileType = sourcecode.swift; path = SettingsController.swift; sourceTree = "<group>"; };
		8B5346B424531E5600BAC69D /* SettingsManager.swift */ = {isa = PBXFileReference; fileEncoding = 4; lastKnownFileType = sourcecode.swift; path = SettingsManager.swift; sourceTree = "<group>"; };
		8B5346B824531ED600BAC69D /* DBMan.swift */ = {isa = PBXFileReference; fileEncoding = 4; lastKnownFileType = sourcecode.swift; path = DBMan.swift; sourceTree = "<group>"; };
		8B5346B924531ED600BAC69D /* PrivateMessagesDB.swift */ = {isa = PBXFileReference; fileEncoding = 4; lastKnownFileType = sourcecode.swift; path = PrivateMessagesDB.swift; sourceTree = "<group>"; };
		8B7960552452FD5200CF7796 /* HamMessenger.app */ = {isa = PBXFileReference; explicitFileType = wrapper.application; includeInIndex = 0; path = HamMessenger.app; sourceTree = BUILT_PRODUCTS_DIR; };
		8B7960582452FD5200CF7796 /* AppDelegate.swift */ = {isa = PBXFileReference; lastKnownFileType = sourcecode.swift; path = AppDelegate.swift; sourceTree = "<group>"; };
		8B79605A2452FD5200CF7796 /* SceneDelegate.swift */ = {isa = PBXFileReference; lastKnownFileType = sourcecode.swift; path = SceneDelegate.swift; sourceTree = "<group>"; };
		8B7960612452FD5200CF7796 /* Base */ = {isa = PBXFileReference; lastKnownFileType = file.storyboard; name = Base; path = Base.lproj/Main.storyboard; sourceTree = "<group>"; };
		8B7960632452FD5300CF7796 /* Assets.xcassets */ = {isa = PBXFileReference; lastKnownFileType = folder.assetcatalog; path = Assets.xcassets; sourceTree = "<group>"; };
		8B7960662452FD5300CF7796 /* Base */ = {isa = PBXFileReference; lastKnownFileType = file.storyboard; name = Base; path = Base.lproj/LaunchScreen.storyboard; sourceTree = "<group>"; };
		8B7960682452FD5300CF7796 /* Info.plist */ = {isa = PBXFileReference; lastKnownFileType = text.plist.xml; path = Info.plist; sourceTree = "<group>"; };
		8B79606D2452FD5300CF7796 /* HamMessengerTests.xctest */ = {isa = PBXFileReference; explicitFileType = wrapper.cfbundle; includeInIndex = 0; path = HamMessengerTests.xctest; sourceTree = BUILT_PRODUCTS_DIR; };
		8B7960712452FD5300CF7796 /* HamMessengerTests.swift */ = {isa = PBXFileReference; lastKnownFileType = sourcecode.swift; path = HamMessengerTests.swift; sourceTree = "<group>"; };
		8B7960732452FD5300CF7796 /* Info.plist */ = {isa = PBXFileReference; lastKnownFileType = text.plist.xml; path = Info.plist; sourceTree = "<group>"; };
		8B7960782452FD5300CF7796 /* HamMessengerUITests.xctest */ = {isa = PBXFileReference; explicitFileType = wrapper.cfbundle; includeInIndex = 0; path = HamMessengerUITests.xctest; sourceTree = BUILT_PRODUCTS_DIR; };
		8B79607C2452FD5300CF7796 /* HamMessengerUITests.swift */ = {isa = PBXFileReference; lastKnownFileType = sourcecode.swift; path = HamMessengerUITests.swift; sourceTree = "<group>"; };
		8B79607E2452FD5300CF7796 /* Info.plist */ = {isa = PBXFileReference; lastKnownFileType = text.plist.xml; path = Info.plist; sourceTree = "<group>"; };
		8B79608A2452FD5C00CF7796 /* HamMessenger.entitlements */ = {isa = PBXFileReference; lastKnownFileType = text.plist.entitlements; path = HamMessenger.entitlements; sourceTree = "<group>"; };
		8BE8891F24531BAE00DA8029 /* Settings.bundle */ = {isa = PBXFileReference; lastKnownFileType = "wrapper.plug-in"; path = Settings.bundle; sourceTree = "<group>"; };
		8BE8892524531BAE00DA8029 /* OnlineHandler.swift */ = {isa = PBXFileReference; fileEncoding = 4; lastKnownFileType = sourcecode.swift; path = OnlineHandler.swift; sourceTree = "<group>"; };
		8BE8893124531C6600DA8029 /* MessageTableViewCell.swift */ = {isa = PBXFileReference; fileEncoding = 4; lastKnownFileType = sourcecode.swift; path = MessageTableViewCell.swift; sourceTree = "<group>"; };
		8BE8893224531C6600DA8029 /* MessageTableViewController.swift */ = {isa = PBXFileReference; fileEncoding = 4; lastKnownFileType = sourcecode.swift; path = MessageTableViewController.swift; sourceTree = "<group>"; };
		8BE8893324531C6600DA8029 /* ReceivedMessage.swift */ = {isa = PBXFileReference; fileEncoding = 4; lastKnownFileType = sourcecode.swift; path = ReceivedMessage.swift; sourceTree = "<group>"; };
		8BE8893824531CC400DA8029 /* OnlineTableViewCellOffline.swift */ = {isa = PBXFileReference; fileEncoding = 4; lastKnownFileType = sourcecode.swift; path = OnlineTableViewCellOffline.swift; sourceTree = "<group>"; };
		8BE8893924531CC400DA8029 /* OnlineCall.swift */ = {isa = PBXFileReference; fileEncoding = 4; lastKnownFileType = sourcecode.swift; path = OnlineCall.swift; sourceTree = "<group>"; };
		8BE8893A24531CC400DA8029 /* OnlineTableViewCell.swift */ = {isa = PBXFileReference; fileEncoding = 4; lastKnownFileType = sourcecode.swift; path = OnlineTableViewCell.swift; sourceTree = "<group>"; };
		8BE8893B24531CC400DA8029 /* OnlineTableViewController.swift */ = {isa = PBXFileReference; fileEncoding = 4; lastKnownFileType = sourcecode.swift; path = OnlineTableViewController.swift; sourceTree = "<group>"; };
		8BFCCCF12459D6870020F902 /* PrivateMessageDataDB.swift */ = {isa = PBXFileReference; lastKnownFileType = sourcecode.swift; path = PrivateMessageDataDB.swift; sourceTree = "<group>"; };
		92E61F661093C5B21329A31F /* Pods-HamMessengerTests.debug.xcconfig */ = {isa = PBXFileReference; includeInIndex = 1; lastKnownFileType = text.xcconfig; name = "Pods-HamMessengerTests.debug.xcconfig"; path = "Target Support Files/Pods-HamMessengerTests/Pods-HamMessengerTests.debug.xcconfig"; sourceTree = "<group>"; };
		A173A8E9018FFBA6C7FD53DB /* Pods_HamMessengerTests.framework */ = {isa = PBXFileReference; explicitFileType = wrapper.framework; includeInIndex = 0; path = Pods_HamMessengerTests.framework; sourceTree = BUILT_PRODUCTS_DIR; };
		B8F50E32F274C4D3843AC662 /* Pods-HamMessengerUITests.release.xcconfig */ = {isa = PBXFileReference; includeInIndex = 1; lastKnownFileType = text.xcconfig; name = "Pods-HamMessengerUITests.release.xcconfig"; path = "Target Support Files/Pods-HamMessengerUITests/Pods-HamMessengerUITests.release.xcconfig"; sourceTree = "<group>"; };
		CF67D60A80E8D0C890FF78C2 /* Pods-HamMessengerUITests.debug.xcconfig */ = {isa = PBXFileReference; includeInIndex = 1; lastKnownFileType = text.xcconfig; name = "Pods-HamMessengerUITests.debug.xcconfig"; path = "Target Support Files/Pods-HamMessengerUITests/Pods-HamMessengerUITests.debug.xcconfig"; sourceTree = "<group>"; };
/* End PBXFileReference section */

/* Begin PBXFrameworksBuildPhase section */
		8B7960522452FD5200CF7796 /* Frameworks */ = {
			isa = PBXFrameworksBuildPhase;
			buildActionMask = 2147483647;
			files = (
				7A444605913FAF1FA0009236 /* Pods_HamMessenger.framework in Frameworks */,
			);
			runOnlyForDeploymentPostprocessing = 0;
		};
		8B79606A2452FD5300CF7796 /* Frameworks */ = {
			isa = PBXFrameworksBuildPhase;
			buildActionMask = 2147483647;
			files = (
				2936291563C12C467557490B /* Pods_HamMessengerTests.framework in Frameworks */,
			);
			runOnlyForDeploymentPostprocessing = 0;
		};
		8B7960752452FD5300CF7796 /* Frameworks */ = {
			isa = PBXFrameworksBuildPhase;
			buildActionMask = 2147483647;
			files = (
				DA78D903FB2DBDE4EBF4FFF5 /* Pods_HamMessengerUITests.framework in Frameworks */,
			);
			runOnlyForDeploymentPostprocessing = 0;
		};
/* End PBXFrameworksBuildPhase section */

/* Begin PBXGroup section */
		0E3142D769AB2F559E3CB46E /* Pods */ = {
			isa = PBXGroup;
			children = (
				4B6BC153C2A70CBAE8C37BDD /* Pods-HamMessenger.debug.xcconfig */,
				732FCA4222ED85CE5C069A97 /* Pods-HamMessenger.release.xcconfig */,
				92E61F661093C5B21329A31F /* Pods-HamMessengerTests.debug.xcconfig */,
				1A73F880D86ACD8AAD4D0241 /* Pods-HamMessengerTests.release.xcconfig */,
				CF67D60A80E8D0C890FF78C2 /* Pods-HamMessengerUITests.debug.xcconfig */,
				B8F50E32F274C4D3843AC662 /* Pods-HamMessengerUITests.release.xcconfig */,
			);
			path = Pods;
			sourceTree = "<group>";
		};
		8B53469624531D5B00BAC69D /* PrivateMessage */ = {
			isa = PBXGroup;
			children = (
				8B53469724531D6900BAC69D /* PrivateMessage.swift */,
				8B53469A24531D6900BAC69D /* PrivateMessageController.swift */,
				8B53469B24531D6900BAC69D /* PrivateMessageTableViewCell.swift */,
				8B53469824531D6900BAC69D /* PrivateMessageTableViewCellOwn.swift */,
				8B53469924531D6900BAC69D /* PrivateNavigationViewController.swift */,
			);
			path = PrivateMessage;
			sourceTree = "<group>";
		};
		8B5346A124531D8200BAC69D /* TabBar */ = {
			isa = PBXGroup;
			children = (
				8B5346A224531D9200BAC69D /* TabBarController.swift */,
			);
			path = TabBar;
			sourceTree = "<group>";
		};
		8B5346A424531DF000BAC69D /* Protocol */ = {
			isa = PBXGroup;
			children = (
				8B5346AD24531E1700BAC69D /* TCP Handling */,
				8B5346A724531E0800BAC69D /* HamMessage.swift */,
				8B5346A824531E0800BAC69D /* NBSError.swift */,
				8B5346A524531E0800BAC69D /* PayloadTypes.swift */,
				8B5346A624531E0800BAC69D /* ProtocolSettings.swift */,
			);
			path = Protocol;
			sourceTree = "<group>";
		};
		8B5346AD24531E1700BAC69D /* TCP Handling */ = {
			isa = PBXGroup;
			children = (
				8B5346AE24531E2100BAC69D /* TCPController.swift */,
				8B5346AF24531E2100BAC69D /* TCPStuff.swift */,
			);
			path = "TCP Handling";
			sourceTree = "<group>";
		};
		8B5346B224531E4700BAC69D /* Settings */ = {
			isa = PBXGroup;
			children = (
				8B5346B324531E5600BAC69D /* SettingsController.swift */,
				8B5346B424531E5600BAC69D /* SettingsManager.swift */,
			);
			path = Settings;
			sourceTree = "<group>";
		};
		8B5346B724531EC800BAC69D /* SQLite */ = {
			isa = PBXGroup;
			children = (
				8B5346B824531ED600BAC69D /* DBMan.swift */,
				8B5346B924531ED600BAC69D /* PrivateMessagesDB.swift */,
				8BFCCCF12459D6870020F902 /* PrivateMessageDataDB.swift */,
			);
			path = SQLite;
			sourceTree = "<group>";
		};
		8B79604C2452FD5200CF7796 = {
			isa = PBXGroup;
			children = (
				8B7960572452FD5200CF7796 /* HamMessenger */,
				8B7960702452FD5300CF7796 /* HamMessengerTests */,
				8B79607B2452FD5300CF7796 /* HamMessengerUITests */,
				8B7960562452FD5200CF7796 /* Products */,
				0E3142D769AB2F559E3CB46E /* Pods */,
				AFBAE66065A113BD410EE2F9 /* Frameworks */,
			);
			sourceTree = "<group>";
		};
		8B7960562452FD5200CF7796 /* Products */ = {
			isa = PBXGroup;
			children = (
				8B7960552452FD5200CF7796 /* HamMessenger.app */,
				8B79606D2452FD5300CF7796 /* HamMessengerTests.xctest */,
				8B7960782452FD5300CF7796 /* HamMessengerUITests.xctest */,
			);
			name = Products;
			sourceTree = "<group>";
		};
		8B7960572452FD5200CF7796 /* HamMessenger */ = {
			isa = PBXGroup;
			children = (
				8BA3ECF424670D8F00655E82 /* CallSettings */,
				8B5346A424531DF000BAC69D /* Protocol */,
				8BE8893724531CB000DA8029 /* OnlineTable */,
				8BE8893024531C4600DA8029 /* MessageTable */,
				8B53469624531D5B00BAC69D /* PrivateMessage */,
				8B5346A124531D8200BAC69D /* TabBar */,
				8B5346B224531E4700BAC69D /* Settings */,
				8B5346B724531EC800BAC69D /* SQLite */,
				8B79608A2452FD5C00CF7796 /* HamMessenger.entitlements */,
				8B7960582452FD5200CF7796 /* AppDelegate.swift */,
				8BE8892524531BAE00DA8029 /* OnlineHandler.swift */,
				8BE8891F24531BAE00DA8029 /* Settings.bundle */,
				8B79605A2452FD5200CF7796 /* SceneDelegate.swift */,
				8B7960602452FD5200CF7796 /* Main.storyboard */,
				8B7960632452FD5300CF7796 /* Assets.xcassets */,
				8B2D82C3245362C2007C718F /* FirstStart.storyboard */,
				8B7960652452FD5300CF7796 /* LaunchScreen.storyboard */,
				8B7960682452FD5300CF7796 /* Info.plist */,
			);
			path = HamMessenger;
			sourceTree = "<group>";
		};
		8B7960702452FD5300CF7796 /* HamMessengerTests */ = {
			isa = PBXGroup;
			children = (
				8B7960712452FD5300CF7796 /* HamMessengerTests.swift */,
				8B7960732452FD5300CF7796 /* Info.plist */,
			);
			path = HamMessengerTests;
			sourceTree = "<group>";
		};
		8B79607B2452FD5300CF7796 /* HamMessengerUITests */ = {
			isa = PBXGroup;
			children = (
				8B79607C2452FD5300CF7796 /* HamMessengerUITests.swift */,
				8B79607E2452FD5300CF7796 /* Info.plist */,
			);
			path = HamMessengerUITests;
			sourceTree = "<group>";
		};
		8BA3ECF424670D8F00655E82 /* CallSettings */ = {
			isa = PBXGroup;
			children = (
				8B122C5B24910BC400AD974C /* CallSettingsController.swift */,
			);
			path = CallSettings;
			sourceTree = "<group>";
		};
		8BE8893024531C4600DA8029 /* MessageTable */ = {
			isa = PBXGroup;
			children = (
				8BE8893124531C6600DA8029 /* MessageTableViewCell.swift */,
				8BE8893224531C6600DA8029 /* MessageTableViewController.swift */,
				8BE8893324531C6600DA8029 /* ReceivedMessage.swift */,
			);
			path = MessageTable;
			sourceTree = "<group>";
		};
		8BE8893724531CB000DA8029 /* OnlineTable */ = {
			isa = PBXGroup;
			children = (
				8BE8893924531CC400DA8029 /* OnlineCall.swift */,
				8BE8893A24531CC400DA8029 /* OnlineTableViewCell.swift */,
				8BE8893824531CC400DA8029 /* OnlineTableViewCellOffline.swift */,
				8BE8893B24531CC400DA8029 /* OnlineTableViewController.swift */,
			);
			path = OnlineTable;
			sourceTree = "<group>";
		};
		AFBAE66065A113BD410EE2F9 /* Frameworks */ = {
			isa = PBXGroup;
			children = (
				2E14BEFF806209759181B431 /* Pods_HamMessenger.framework */,
				A173A8E9018FFBA6C7FD53DB /* Pods_HamMessengerTests.framework */,
				401F50B2712B9E9C662F697F /* Pods_HamMessengerUITests.framework */,
			);
			name = Frameworks;
			sourceTree = "<group>";
		};
/* End PBXGroup section */

/* Begin PBXNativeTarget section */
		8B7960542452FD5200CF7796 /* HamMessenger */ = {
			isa = PBXNativeTarget;
			buildConfigurationList = 8B7960812452FD5300CF7796 /* Build configuration list for PBXNativeTarget "HamMessenger" */;
			buildPhases = (
				43D26DA9E08A13A515C2A60E /* [CP] Check Pods Manifest.lock */,
				8B7960512452FD5200CF7796 /* Sources */,
				8B7960522452FD5200CF7796 /* Frameworks */,
				8B7960532452FD5200CF7796 /* Resources */,
				2C81683E277D2A43DBADADD4 /* [CP] Embed Pods Frameworks */,
			);
			buildRules = (
			);
			dependencies = (
			);
			name = HamMessenger;
			productName = HamMessenger;
			productReference = 8B7960552452FD5200CF7796 /* HamMessenger.app */;
			productType = "com.apple.product-type.application";
		};
		8B79606C2452FD5300CF7796 /* HamMessengerTests */ = {
			isa = PBXNativeTarget;
			buildConfigurationList = 8B7960842452FD5300CF7796 /* Build configuration list for PBXNativeTarget "HamMessengerTests" */;
			buildPhases = (
				76E0DACE1553DFC0EE3127E7 /* [CP] Check Pods Manifest.lock */,
				8B7960692452FD5300CF7796 /* Sources */,
				8B79606A2452FD5300CF7796 /* Frameworks */,
				8B79606B2452FD5300CF7796 /* Resources */,
			);
			buildRules = (
			);
			dependencies = (
				8B79606F2452FD5300CF7796 /* PBXTargetDependency */,
			);
			name = HamMessengerTests;
			productName = HamMessengerTests;
			productReference = 8B79606D2452FD5300CF7796 /* HamMessengerTests.xctest */;
			productType = "com.apple.product-type.bundle.unit-test";
		};
		8B7960772452FD5300CF7796 /* HamMessengerUITests */ = {
			isa = PBXNativeTarget;
			buildConfigurationList = 8B7960872452FD5300CF7796 /* Build configuration list for PBXNativeTarget "HamMessengerUITests" */;
			buildPhases = (
				8B4DD28BB2E1FBD8BA3D07B8 /* [CP] Check Pods Manifest.lock */,
				8B7960742452FD5300CF7796 /* Sources */,
				8B7960752452FD5300CF7796 /* Frameworks */,
				8B7960762452FD5300CF7796 /* Resources */,
			);
			buildRules = (
			);
			dependencies = (
				8B79607A2452FD5300CF7796 /* PBXTargetDependency */,
			);
			name = HamMessengerUITests;
			productName = HamMessengerUITests;
			productReference = 8B7960782452FD5300CF7796 /* HamMessengerUITests.xctest */;
			productType = "com.apple.product-type.bundle.ui-testing";
		};
/* End PBXNativeTarget section */

/* Begin PBXProject section */
		8B79604D2452FD5200CF7796 /* Project object */ = {
			isa = PBXProject;
			attributes = {
				LastSwiftUpdateCheck = 1140;
				LastUpgradeCheck = 1140;
				ORGANIZATIONNAME = NBSgamesAT;
				TargetAttributes = {
					8B7960542452FD5200CF7796 = {
						CreatedOnToolsVersion = 11.4.1;
					};
					8B79606C2452FD5300CF7796 = {
						CreatedOnToolsVersion = 11.4.1;
						TestTargetID = 8B7960542452FD5200CF7796;
					};
					8B7960772452FD5300CF7796 = {
						CreatedOnToolsVersion = 11.4.1;
						TestTargetID = 8B7960542452FD5200CF7796;
					};
				};
			};
			buildConfigurationList = 8B7960502452FD5200CF7796 /* Build configuration list for PBXProject "HamMessenger" */;
			compatibilityVersion = "Xcode 9.3";
			developmentRegion = en;
			hasScannedForEncodings = 0;
			knownRegions = (
				en,
				Base,
			);
			mainGroup = 8B79604C2452FD5200CF7796;
			productRefGroup = 8B7960562452FD5200CF7796 /* Products */;
			projectDirPath = "";
			projectRoot = "";
			targets = (
				8B7960542452FD5200CF7796 /* HamMessenger */,
				8B79606C2452FD5300CF7796 /* HamMessengerTests */,
				8B7960772452FD5300CF7796 /* HamMessengerUITests */,
			);
		};
/* End PBXProject section */

/* Begin PBXResourcesBuildPhase section */
		8B7960532452FD5200CF7796 /* Resources */ = {
			isa = PBXResourcesBuildPhase;
			buildActionMask = 2147483647;
			files = (
				8B7960672452FD5300CF7796 /* LaunchScreen.storyboard in Resources */,
				8BE8892824531BAF00DA8029 /* Settings.bundle in Resources */,
				8B2D82C5245362C3007C718F /* FirstStart.storyboard in Resources */,
				8B7960642452FD5300CF7796 /* Assets.xcassets in Resources */,
				8B7960622452FD5200CF7796 /* Main.storyboard in Resources */,
			);
			runOnlyForDeploymentPostprocessing = 0;
		};
		8B79606B2452FD5300CF7796 /* Resources */ = {
			isa = PBXResourcesBuildPhase;
			buildActionMask = 2147483647;
			files = (
			);
			runOnlyForDeploymentPostprocessing = 0;
		};
		8B7960762452FD5300CF7796 /* Resources */ = {
			isa = PBXResourcesBuildPhase;
			buildActionMask = 2147483647;
			files = (
			);
			runOnlyForDeploymentPostprocessing = 0;
		};
/* End PBXResourcesBuildPhase section */

/* Begin PBXShellScriptBuildPhase section */
		2C81683E277D2A43DBADADD4 /* [CP] Embed Pods Frameworks */ = {
			isa = PBXShellScriptBuildPhase;
			buildActionMask = 2147483647;
			files = (
			);
			inputFileListPaths = (
				"${PODS_ROOT}/Target Support Files/Pods-HamMessenger/Pods-HamMessenger-frameworks-${CONFIGURATION}-input-files.xcfilelist",
			);
			name = "[CP] Embed Pods Frameworks";
			outputFileListPaths = (
				"${PODS_ROOT}/Target Support Files/Pods-HamMessenger/Pods-HamMessenger-frameworks-${CONFIGURATION}-output-files.xcfilelist",
			);
			runOnlyForDeploymentPostprocessing = 0;
			shellPath = /bin/sh;
			shellScript = "\"${PODS_ROOT}/Target Support Files/Pods-HamMessenger/Pods-HamMessenger-frameworks.sh\"\n";
			showEnvVarsInLog = 0;
		};
		43D26DA9E08A13A515C2A60E /* [CP] Check Pods Manifest.lock */ = {
			isa = PBXShellScriptBuildPhase;
			buildActionMask = 2147483647;
			files = (
			);
			inputFileListPaths = (
			);
			inputPaths = (
				"${PODS_PODFILE_DIR_PATH}/Podfile.lock",
				"${PODS_ROOT}/Manifest.lock",
			);
			name = "[CP] Check Pods Manifest.lock";
			outputFileListPaths = (
			);
			outputPaths = (
				"$(DERIVED_FILE_DIR)/Pods-HamMessenger-checkManifestLockResult.txt",
			);
			runOnlyForDeploymentPostprocessing = 0;
			shellPath = /bin/sh;
			shellScript = "diff \"${PODS_PODFILE_DIR_PATH}/Podfile.lock\" \"${PODS_ROOT}/Manifest.lock\" > /dev/null\nif [ $? != 0 ] ; then\n    # print error to STDERR\n    echo \"error: The sandbox is not in sync with the Podfile.lock. Run 'pod install' or update your CocoaPods installation.\" >&2\n    exit 1\nfi\n# This output is used by Xcode 'outputs' to avoid re-running this script phase.\necho \"SUCCESS\" > \"${SCRIPT_OUTPUT_FILE_0}\"\n";
			showEnvVarsInLog = 0;
		};
		76E0DACE1553DFC0EE3127E7 /* [CP] Check Pods Manifest.lock */ = {
			isa = PBXShellScriptBuildPhase;
			buildActionMask = 2147483647;
			files = (
			);
			inputFileListPaths = (
			);
			inputPaths = (
				"${PODS_PODFILE_DIR_PATH}/Podfile.lock",
				"${PODS_ROOT}/Manifest.lock",
			);
			name = "[CP] Check Pods Manifest.lock";
			outputFileListPaths = (
			);
			outputPaths = (
				"$(DERIVED_FILE_DIR)/Pods-HamMessengerTests-checkManifestLockResult.txt",
			);
			runOnlyForDeploymentPostprocessing = 0;
			shellPath = /bin/sh;
			shellScript = "diff \"${PODS_PODFILE_DIR_PATH}/Podfile.lock\" \"${PODS_ROOT}/Manifest.lock\" > /dev/null\nif [ $? != 0 ] ; then\n    # print error to STDERR\n    echo \"error: The sandbox is not in sync with the Podfile.lock. Run 'pod install' or update your CocoaPods installation.\" >&2\n    exit 1\nfi\n# This output is used by Xcode 'outputs' to avoid re-running this script phase.\necho \"SUCCESS\" > \"${SCRIPT_OUTPUT_FILE_0}\"\n";
			showEnvVarsInLog = 0;
		};
		8B4DD28BB2E1FBD8BA3D07B8 /* [CP] Check Pods Manifest.lock */ = {
			isa = PBXShellScriptBuildPhase;
			buildActionMask = 2147483647;
			files = (
			);
			inputFileListPaths = (
			);
			inputPaths = (
				"${PODS_PODFILE_DIR_PATH}/Podfile.lock",
				"${PODS_ROOT}/Manifest.lock",
			);
			name = "[CP] Check Pods Manifest.lock";
			outputFileListPaths = (
			);
			outputPaths = (
				"$(DERIVED_FILE_DIR)/Pods-HamMessengerUITests-checkManifestLockResult.txt",
			);
			runOnlyForDeploymentPostprocessing = 0;
			shellPath = /bin/sh;
			shellScript = "diff \"${PODS_PODFILE_DIR_PATH}/Podfile.lock\" \"${PODS_ROOT}/Manifest.lock\" > /dev/null\nif [ $? != 0 ] ; then\n    # print error to STDERR\n    echo \"error: The sandbox is not in sync with the Podfile.lock. Run 'pod install' or update your CocoaPods installation.\" >&2\n    exit 1\nfi\n# This output is used by Xcode 'outputs' to avoid re-running this script phase.\necho \"SUCCESS\" > \"${SCRIPT_OUTPUT_FILE_0}\"\n";
			showEnvVarsInLog = 0;
		};
/* End PBXShellScriptBuildPhase section */

/* Begin PBXSourcesBuildPhase section */
		8B7960512452FD5200CF7796 /* Sources */ = {
			isa = PBXSourcesBuildPhase;
			buildActionMask = 2147483647;
			files = (
				8B122C5C24910BC400AD974C /* CallSettingsController.swift in Sources */,
				8B7960592452FD5200CF7796 /* AppDelegate.swift in Sources */,
				8BE8892E24531BAF00DA8029 /* OnlineHandler.swift in Sources */,
				8B53469C24531D6900BAC69D /* PrivateMessage.swift in Sources */,
				8B79605B2452FD5200CF7796 /* SceneDelegate.swift in Sources */,
				8B5346A924531E0800BAC69D /* PayloadTypes.swift in Sources */,
				8B5346B524531E5600BAC69D /* SettingsController.swift in Sources */,
				8B5346BB24531ED600BAC69D /* PrivateMessagesDB.swift in Sources */,
				8BE8893D24531CC400DA8029 /* OnlineCall.swift in Sources */,
				8BE8893E24531CC400DA8029 /* OnlineTableViewCell.swift in Sources */,
				8B5346B124531E2100BAC69D /* TCPStuff.swift in Sources */,
				8B53469E24531D6900BAC69D /* PrivateNavigationViewController.swift in Sources */,
				8BE8893624531C6600DA8029 /* ReceivedMessage.swift in Sources */,
				8B5346A324531D9200BAC69D /* TabBarController.swift in Sources */,
				8B5346B624531E5600BAC69D /* SettingsManager.swift in Sources */,
				8B5346AA24531E0800BAC69D /* ProtocolSettings.swift in Sources */,
				8BE8893424531C6600DA8029 /* MessageTableViewCell.swift in Sources */,
				8B5346B024531E2100BAC69D /* TCPController.swift in Sources */,
				8B5346AC24531E0800BAC69D /* NBSError.swift in Sources */,
				8B53469D24531D6900BAC69D /* PrivateMessageTableViewCellOwn.swift in Sources */,
				8BE8893C24531CC400DA8029 /* OnlineTableViewCellOffline.swift in Sources */,
				8B53469F24531D6900BAC69D /* PrivateMessageController.swift in Sources */,
				8BE8893F24531CC400DA8029 /* OnlineTableViewController.swift in Sources */,
				8B5346A024531D6900BAC69D /* PrivateMessageTableViewCell.swift in Sources */,
				8B5346BA24531ED600BAC69D /* DBMan.swift in Sources */,
				8B5346AB24531E0800BAC69D /* HamMessage.swift in Sources */,
				8BFCCCF22459D6870020F902 /* PrivateMessageDataDB.swift in Sources */,
				8BE8893524531C6600DA8029 /* MessageTableViewController.swift in Sources */,
			);
			runOnlyForDeploymentPostprocessing = 0;
		};
		8B7960692452FD5300CF7796 /* Sources */ = {
			isa = PBXSourcesBuildPhase;
			buildActionMask = 2147483647;
			files = (
				8B7960722452FD5300CF7796 /* HamMessengerTests.swift in Sources */,
			);
			runOnlyForDeploymentPostprocessing = 0;
		};
		8B7960742452FD5300CF7796 /* Sources */ = {
			isa = PBXSourcesBuildPhase;
			buildActionMask = 2147483647;
			files = (
				8B79607D2452FD5300CF7796 /* HamMessengerUITests.swift in Sources */,
			);
			runOnlyForDeploymentPostprocessing = 0;
		};
/* End PBXSourcesBuildPhase section */

/* Begin PBXTargetDependency section */
		8B79606F2452FD5300CF7796 /* PBXTargetDependency */ = {
			isa = PBXTargetDependency;
			target = 8B7960542452FD5200CF7796 /* HamMessenger */;
			targetProxy = 8B79606E2452FD5300CF7796 /* PBXContainerItemProxy */;
		};
		8B79607A2452FD5300CF7796 /* PBXTargetDependency */ = {
			isa = PBXTargetDependency;
			target = 8B7960542452FD5200CF7796 /* HamMessenger */;
			targetProxy = 8B7960792452FD5300CF7796 /* PBXContainerItemProxy */;
		};
/* End PBXTargetDependency section */

/* Begin PBXVariantGroup section */
		8B2D82C3245362C2007C718F /* FirstStart.storyboard */ = {
			isa = PBXVariantGroup;
			children = (
				8B2D82C4245362C2007C718F /* Base */,
			);
			name = FirstStart.storyboard;
			sourceTree = "<group>";
		};
		8B7960602452FD5200CF7796 /* Main.storyboard */ = {
			isa = PBXVariantGroup;
			children = (
				8B7960612452FD5200CF7796 /* Base */,
			);
			name = Main.storyboard;
			sourceTree = "<group>";
		};
		8B7960652452FD5300CF7796 /* LaunchScreen.storyboard */ = {
			isa = PBXVariantGroup;
			children = (
				8B7960662452FD5300CF7796 /* Base */,
			);
			name = LaunchScreen.storyboard;
			sourceTree = "<group>";
		};
/* End PBXVariantGroup section */

/* Begin XCBuildConfiguration section */
		8B79607F2452FD5300CF7796 /* Debug */ = {
			isa = XCBuildConfiguration;
			buildSettings = {
				ALWAYS_SEARCH_USER_PATHS = NO;
				CLANG_ANALYZER_NONNULL = YES;
				CLANG_ANALYZER_NUMBER_OBJECT_CONVERSION = YES_AGGRESSIVE;
				CLANG_CXX_LANGUAGE_STANDARD = "gnu++14";
				CLANG_CXX_LIBRARY = "libc++";
				CLANG_ENABLE_MODULES = YES;
				CLANG_ENABLE_OBJC_ARC = YES;
				CLANG_ENABLE_OBJC_WEAK = YES;
				CLANG_WARN_BLOCK_CAPTURE_AUTORELEASING = YES;
				CLANG_WARN_BOOL_CONVERSION = YES;
				CLANG_WARN_COMMA = YES;
				CLANG_WARN_CONSTANT_CONVERSION = YES;
				CLANG_WARN_DEPRECATED_OBJC_IMPLEMENTATIONS = YES;
				CLANG_WARN_DIRECT_OBJC_ISA_USAGE = YES_ERROR;
				CLANG_WARN_DOCUMENTATION_COMMENTS = YES;
				CLANG_WARN_EMPTY_BODY = YES;
				CLANG_WARN_ENUM_CONVERSION = YES;
				CLANG_WARN_INFINITE_RECURSION = YES;
				CLANG_WARN_INT_CONVERSION = YES;
				CLANG_WARN_NON_LITERAL_NULL_CONVERSION = YES;
				CLANG_WARN_OBJC_IMPLICIT_RETAIN_SELF = YES;
				CLANG_WARN_OBJC_LITERAL_CONVERSION = YES;
				CLANG_WARN_OBJC_ROOT_CLASS = YES_ERROR;
				CLANG_WARN_RANGE_LOOP_ANALYSIS = YES;
				CLANG_WARN_STRICT_PROTOTYPES = YES;
				CLANG_WARN_SUSPICIOUS_MOVE = YES;
				CLANG_WARN_UNGUARDED_AVAILABILITY = YES_AGGRESSIVE;
				CLANG_WARN_UNREACHABLE_CODE = YES;
				CLANG_WARN__DUPLICATE_METHOD_MATCH = YES;
				COPY_PHASE_STRIP = NO;
				DEBUG_INFORMATION_FORMAT = dwarf;
				ENABLE_STRICT_OBJC_MSGSEND = YES;
				ENABLE_TESTABILITY = YES;
				GCC_C_LANGUAGE_STANDARD = gnu11;
				GCC_DYNAMIC_NO_PIC = NO;
				GCC_NO_COMMON_BLOCKS = YES;
				GCC_OPTIMIZATION_LEVEL = 0;
				GCC_PREPROCESSOR_DEFINITIONS = (
					"DEBUG=1",
					"$(inherited)",
				);
				GCC_WARN_64_TO_32_BIT_CONVERSION = YES;
				GCC_WARN_ABOUT_RETURN_TYPE = YES_ERROR;
				GCC_WARN_UNDECLARED_SELECTOR = YES;
				GCC_WARN_UNINITIALIZED_AUTOS = YES_AGGRESSIVE;
				GCC_WARN_UNUSED_FUNCTION = YES;
				GCC_WARN_UNUSED_VARIABLE = YES;
				IPHONEOS_DEPLOYMENT_TARGET = 13.0;
				MTL_ENABLE_DEBUG_INFO = INCLUDE_SOURCE;
				MTL_FAST_MATH = YES;
				ONLY_ACTIVE_ARCH = YES;
				SDKROOT = iphoneos;
				SWIFT_ACTIVE_COMPILATION_CONDITIONS = DEBUG;
				SWIFT_OPTIMIZATION_LEVEL = "-Onone";
			};
			name = Debug;
		};
		8B7960802452FD5300CF7796 /* Release */ = {
			isa = XCBuildConfiguration;
			buildSettings = {
				ALWAYS_SEARCH_USER_PATHS = NO;
				CLANG_ANALYZER_NONNULL = YES;
				CLANG_ANALYZER_NUMBER_OBJECT_CONVERSION = YES_AGGRESSIVE;
				CLANG_CXX_LANGUAGE_STANDARD = "gnu++14";
				CLANG_CXX_LIBRARY = "libc++";
				CLANG_ENABLE_MODULES = YES;
				CLANG_ENABLE_OBJC_ARC = YES;
				CLANG_ENABLE_OBJC_WEAK = YES;
				CLANG_WARN_BLOCK_CAPTURE_AUTORELEASING = YES;
				CLANG_WARN_BOOL_CONVERSION = YES;
				CLANG_WARN_COMMA = YES;
				CLANG_WARN_CONSTANT_CONVERSION = YES;
				CLANG_WARN_DEPRECATED_OBJC_IMPLEMENTATIONS = YES;
				CLANG_WARN_DIRECT_OBJC_ISA_USAGE = YES_ERROR;
				CLANG_WARN_DOCUMENTATION_COMMENTS = YES;
				CLANG_WARN_EMPTY_BODY = YES;
				CLANG_WARN_ENUM_CONVERSION = YES;
				CLANG_WARN_INFINITE_RECURSION = YES;
				CLANG_WARN_INT_CONVERSION = YES;
				CLANG_WARN_NON_LITERAL_NULL_CONVERSION = YES;
				CLANG_WARN_OBJC_IMPLICIT_RETAIN_SELF = YES;
				CLANG_WARN_OBJC_LITERAL_CONVERSION = YES;
				CLANG_WARN_OBJC_ROOT_CLASS = YES_ERROR;
				CLANG_WARN_RANGE_LOOP_ANALYSIS = YES;
				CLANG_WARN_STRICT_PROTOTYPES = YES;
				CLANG_WARN_SUSPICIOUS_MOVE = YES;
				CLANG_WARN_UNGUARDED_AVAILABILITY = YES_AGGRESSIVE;
				CLANG_WARN_UNREACHABLE_CODE = YES;
				CLANG_WARN__DUPLICATE_METHOD_MATCH = YES;
				COPY_PHASE_STRIP = NO;
				DEBUG_INFORMATION_FORMAT = "dwarf-with-dsym";
				ENABLE_NS_ASSERTIONS = NO;
				ENABLE_STRICT_OBJC_MSGSEND = YES;
				GCC_C_LANGUAGE_STANDARD = gnu11;
				GCC_NO_COMMON_BLOCKS = YES;
				GCC_WARN_64_TO_32_BIT_CONVERSION = YES;
				GCC_WARN_ABOUT_RETURN_TYPE = YES_ERROR;
				GCC_WARN_UNDECLARED_SELECTOR = YES;
				GCC_WARN_UNINITIALIZED_AUTOS = YES_AGGRESSIVE;
				GCC_WARN_UNUSED_FUNCTION = YES;
				GCC_WARN_UNUSED_VARIABLE = YES;
				IPHONEOS_DEPLOYMENT_TARGET = 13.0;
				MTL_ENABLE_DEBUG_INFO = NO;
				MTL_FAST_MATH = YES;
				SDKROOT = iphoneos;
				SWIFT_COMPILATION_MODE = wholemodule;
				SWIFT_OPTIMIZATION_LEVEL = "-O";
				VALIDATE_PRODUCT = YES;
			};
			name = Release;
		};
		8B7960822452FD5300CF7796 /* Debug */ = {
			isa = XCBuildConfiguration;
			baseConfigurationReference = 4B6BC153C2A70CBAE8C37BDD /* Pods-HamMessenger.debug.xcconfig */;
			buildSettings = {
				ASSETCATALOG_COMPILER_APPICON_NAME = AppIcon;
				CODE_SIGN_ENTITLEMENTS = HamMessenger/HamMessenger.entitlements;
				CODE_SIGN_IDENTITY = "iPhone Developer";
				"CODE_SIGN_IDENTITY[sdk=macosx*]" = "Apple Development";
				CODE_SIGN_STYLE = Manual;
				CURRENT_PROJECT_VERSION = 7;
				DEVELOPMENT_TEAM = D46R59592N;
				INFOPLIST_FILE = HamMessenger/Info.plist;
				IPHONEOS_DEPLOYMENT_TARGET = 13.0;
				LD_RUNPATH_SEARCH_PATHS = (
					"$(inherited)",
					"@executable_path/Frameworks",
				);
				MARKETING_VERSION = 1.0;
				PRODUCT_BUNDLE_IDENTIFIER = at.nbsgames.HamMessenger;
				"PRODUCT_BUNDLE_IDENTIFIER[sdk=macosx*]" = maccatalyst.at.nbsgames.HamMessenger;
				PRODUCT_NAME = "$(TARGET_NAME)";
				PROVISIONING_PROFILE_SPECIFIER = iOSHamMessenger;
				"PROVISIONING_PROFILE_SPECIFIER[sdk=macosx*]" = MacHamMessengerDev;
				SUPPORTS_MACCATALYST = YES;
				SWIFT_VERSION = 5.0;
				TARGETED_DEVICE_FAMILY = "1,2";
			};
			name = Debug;
		};
		8B7960832452FD5300CF7796 /* Release */ = {
			isa = XCBuildConfiguration;
			baseConfigurationReference = 732FCA4222ED85CE5C069A97 /* Pods-HamMessenger.release.xcconfig */;
			buildSettings = {
				ASSETCATALOG_COMPILER_APPICON_NAME = AppIcon;
				CODE_SIGN_ENTITLEMENTS = HamMessenger/HamMessenger.entitlements;
				CODE_SIGN_IDENTITY = "iPhone Developer";
				"CODE_SIGN_IDENTITY[sdk=macosx*]" = "Developer ID Application";
				CODE_SIGN_STYLE = Manual;
				CURRENT_PROJECT_VERSION = 7;
				DEVELOPMENT_TEAM = D46R59592N;
				INFOPLIST_FILE = HamMessenger/Info.plist;
				IPHONEOS_DEPLOYMENT_TARGET = 13.0;
				LD_RUNPATH_SEARCH_PATHS = (
					"$(inherited)",
					"@executable_path/Frameworks",
				);
				MARKETING_VERSION = 1.0;
				PRODUCT_BUNDLE_IDENTIFIER = at.nbsgames.HamMessenger;
				"PRODUCT_BUNDLE_IDENTIFIER[sdk=macosx*]" = maccatalyst.at.nbsgames.HamMessenger;
				PRODUCT_NAME = "$(TARGET_NAME)";
				PROVISIONING_PROFILE_SPECIFIER = iOSHamMessenger;
				"PROVISIONING_PROFILE_SPECIFIER[sdk=macosx*]" = HamMessenger;
				SUPPORTS_MACCATALYST = YES;
				SWIFT_VERSION = 5.0;
				TARGETED_DEVICE_FAMILY = "1,2";
			};
			name = Release;
		};
		8B7960852452FD5300CF7796 /* Debug */ = {
			isa = XCBuildConfiguration;
			baseConfigurationReference = 92E61F661093C5B21329A31F /* Pods-HamMessengerTests.debug.xcconfig */;
			buildSettings = {
				ALWAYS_EMBED_SWIFT_STANDARD_LIBRARIES = YES;
				BUNDLE_LOADER = "$(TEST_HOST)";
				CODE_SIGN_STYLE = Automatic;
				DEVELOPMENT_TEAM = D46R59592N;
				INFOPLIST_FILE = HamMessengerTests/Info.plist;
				IPHONEOS_DEPLOYMENT_TARGET = 13.4;
				LD_RUNPATH_SEARCH_PATHS = (
					"$(inherited)",
					"@executable_path/Frameworks",
					"@loader_path/Frameworks",
				);
				PRODUCT_BUNDLE_IDENTIFIER = at.nbsgames.HamMessengerTests;
				PRODUCT_NAME = "$(TARGET_NAME)";
				SWIFT_VERSION = 5.0;
				TARGETED_DEVICE_FAMILY = "1,2";
				TEST_HOST = "$(BUILT_PRODUCTS_DIR)/HamMessenger.app/HamMessenger";
			};
			name = Debug;
		};
		8B7960862452FD5300CF7796 /* Release */ = {
			isa = XCBuildConfiguration;
			baseConfigurationReference = 1A73F880D86ACD8AAD4D0241 /* Pods-HamMessengerTests.release.xcconfig */;
			buildSettings = {
				ALWAYS_EMBED_SWIFT_STANDARD_LIBRARIES = YES;
				BUNDLE_LOADER = "$(TEST_HOST)";
				CODE_SIGN_STYLE = Automatic;
				DEVELOPMENT_TEAM = D46R59592N;
				INFOPLIST_FILE = HamMessengerTests/Info.plist;
				IPHONEOS_DEPLOYMENT_TARGET = 13.4;
				LD_RUNPATH_SEARCH_PATHS = (
					"$(inherited)",
					"@executable_path/Frameworks",
					"@loader_path/Frameworks",
				);
				PRODUCT_BUNDLE_IDENTIFIER = at.nbsgames.HamMessengerTests;
				PRODUCT_NAME = "$(TARGET_NAME)";
				SWIFT_VERSION = 5.0;
				TARGETED_DEVICE_FAMILY = "1,2";
				TEST_HOST = "$(BUILT_PRODUCTS_DIR)/HamMessenger.app/HamMessenger";
			};
			name = Release;
		};
		8B7960882452FD5300CF7796 /* Debug */ = {
			isa = XCBuildConfiguration;
			baseConfigurationReference = CF67D60A80E8D0C890FF78C2 /* Pods-HamMessengerUITests.debug.xcconfig */;
			buildSettings = {
				ALWAYS_EMBED_SWIFT_STANDARD_LIBRARIES = YES;
				CODE_SIGN_STYLE = Automatic;
				DEVELOPMENT_TEAM = D46R59592N;
				INFOPLIST_FILE = HamMessengerUITests/Info.plist;
				LD_RUNPATH_SEARCH_PATHS = (
					"$(inherited)",
					"@executable_path/Frameworks",
					"@loader_path/Frameworks",
				);
				PRODUCT_BUNDLE_IDENTIFIER = at.nbsgames.HamMessengerUITests;
				PRODUCT_NAME = "$(TARGET_NAME)";
				SWIFT_VERSION = 5.0;
				TARGETED_DEVICE_FAMILY = "1,2";
				TEST_TARGET_NAME = HamMessenger;
			};
			name = Debug;
		};
		8B7960892452FD5300CF7796 /* Release */ = {
			isa = XCBuildConfiguration;
			baseConfigurationReference = B8F50E32F274C4D3843AC662 /* Pods-HamMessengerUITests.release.xcconfig */;
			buildSettings = {
				ALWAYS_EMBED_SWIFT_STANDARD_LIBRARIES = YES;
				CODE_SIGN_STYLE = Automatic;
				DEVELOPMENT_TEAM = D46R59592N;
				INFOPLIST_FILE = HamMessengerUITests/Info.plist;
				LD_RUNPATH_SEARCH_PATHS = (
					"$(inherited)",
					"@executable_path/Frameworks",
					"@loader_path/Frameworks",
				);
				PRODUCT_BUNDLE_IDENTIFIER = at.nbsgames.HamMessengerUITests;
				PRODUCT_NAME = "$(TARGET_NAME)";
				SWIFT_VERSION = 5.0;
				TARGETED_DEVICE_FAMILY = "1,2";
				TEST_TARGET_NAME = HamMessenger;
			};
			name = Release;
		};
/* End XCBuildConfiguration section */

/* Begin XCConfigurationList section */
		8B7960502452FD5200CF7796 /* Build configuration list for PBXProject "HamMessenger" */ = {
			isa = XCConfigurationList;
			buildConfigurations = (
				8B79607F2452FD5300CF7796 /* Debug */,
				8B7960802452FD5300CF7796 /* Release */,
			);
			defaultConfigurationIsVisible = 0;
			defaultConfigurationName = Release;
		};
		8B7960812452FD5300CF7796 /* Build configuration list for PBXNativeTarget "HamMessenger" */ = {
			isa = XCConfigurationList;
			buildConfigurations = (
				8B7960822452FD5300CF7796 /* Debug */,
				8B7960832452FD5300CF7796 /* Release */,
			);
			defaultConfigurationIsVisible = 0;
			defaultConfigurationName = Release;
		};
		8B7960842452FD5300CF7796 /* Build configuration list for PBXNativeTarget "HamMessengerTests" */ = {
			isa = XCConfigurationList;
			buildConfigurations = (
				8B7960852452FD5300CF7796 /* Debug */,
				8B7960862452FD5300CF7796 /* Release */,
			);
			defaultConfigurationIsVisible = 0;
			defaultConfigurationName = Release;
		};
		8B7960872452FD5300CF7796 /* Build configuration list for PBXNativeTarget "HamMessengerUITests" */ = {
			isa = XCConfigurationList;
			buildConfigurations = (
				8B7960882452FD5300CF7796 /* Debug */,
				8B7960892452FD5300CF7796 /* Release */,
			);
			defaultConfigurationIsVisible = 0;
			defaultConfigurationName = Release;
		};
/* End XCConfigurationList section */
	};
	rootObject = 8B79604D2452FD5200CF7796 /* Project object */;
}
