// !$*UTF8*$!
{
	archiveVersion = 1;
	classes = {
	};
	objectVersion = 50;
	objects = {

/* Begin PBXBuildFile section */
		32D0A281CAD3AA8CABFA8AFC /* Pods_HamMessangerTests.framework in Frameworks */ = {isa = PBXBuildFile; fileRef = 71A15519E433FB66778A8E44 /* Pods_HamMessangerTests.framework */; };
		8B19196123799170004B526E /* OnlineHandler.swift in Sources */ = {isa = PBXBuildFile; fileRef = 8B19196023799170004B526E /* OnlineHandler.swift */; };
		8B1F5D6923F170A3002BA3DA /* Mac.storyboard in Resources */ = {isa = PBXBuildFile; fileRef = 8B1F5D6823F170A3002BA3DA /* Mac.storyboard */; };
		8B2097A1237340FB00B305CF /* TCPController.swift in Sources */ = {isa = PBXBuildFile; fileRef = 8B2097A0237340FB00B305CF /* TCPController.swift */; };
		8B2097A32374444A00B305CF /* NBSError.swift in Sources */ = {isa = PBXBuildFile; fileRef = 8B2097A22374444A00B305CF /* NBSError.swift */; };
		8B9AAA7722FEE1EB00E87C01 /* TCPStuff.swift in Sources */ = {isa = PBXBuildFile; fileRef = 8B9AAA7622FEE1EB00E87C01 /* TCPStuff.swift */; };
		8BC0455A22F9B98700EABFD9 /* AppDelegate.swift in Sources */ = {isa = PBXBuildFile; fileRef = 8BC0455922F9B98700EABFD9 /* AppDelegate.swift */; };
		8BC0455C22F9B98700EABFD9 /* ViewController.swift in Sources */ = {isa = PBXBuildFile; fileRef = 8BC0455B22F9B98700EABFD9 /* ViewController.swift */; };
		8BC0456322F9B98800EABFD9 /* Assets.xcassets in Resources */ = {isa = PBXBuildFile; fileRef = 8BC0456222F9B98800EABFD9 /* Assets.xcassets */; };
		8BC0457122F9B98800EABFD9 /* HamMessangerTests.swift in Sources */ = {isa = PBXBuildFile; fileRef = 8BC0457022F9B98800EABFD9 /* HamMessangerTests.swift */; };
		8BC0457C22F9B98800EABFD9 /* HamMessangerUITests.swift in Sources */ = {isa = PBXBuildFile; fileRef = 8BC0457B22F9B98800EABFD9 /* HamMessangerUITests.swift */; };
		8BC0458A22F9B9D500EABFD9 /* HamMessage.swift in Sources */ = {isa = PBXBuildFile; fileRef = 8BC0458922F9B9D500EABFD9 /* HamMessage.swift */; };
		8BCC03832385B2E40041A116 /* MessageTableViewCell.swift in Sources */ = {isa = PBXBuildFile; fileRef = 8BCC03822385B2E40041A116 /* MessageTableViewCell.swift */; };
		8BCC03872385B5580041A116 /* ReceivedMessage.swift in Sources */ = {isa = PBXBuildFile; fileRef = 8BCC03862385B5580041A116 /* ReceivedMessage.swift */; };
		8BCC038B2385BACE0041A116 /* MessageTableView.swift in Sources */ = {isa = PBXBuildFile; fileRef = 8BCC038A2385BACE0041A116 /* MessageTableView.swift */; };
		8BEB79CF2369DFE400883FF4 /* OnlineTableViewCell.swift in Sources */ = {isa = PBXBuildFile; fileRef = 8BEB79CE2369DFE400883FF4 /* OnlineTableViewCell.swift */; };
		8BFD5239236A04A90023B9CF /* OnlineTableViewController.swift in Sources */ = {isa = PBXBuildFile; fileRef = 8BFD5238236A04A90023B9CF /* OnlineTableViewController.swift */; };
		8BFD523B236A06D50023B9CF /* OnelineCall.swift in Sources */ = {isa = PBXBuildFile; fileRef = 8BFD523A236A06D50023B9CF /* OnelineCall.swift */; };
		8BFD95D122FA208A00741B72 /* iPhone.storyboard in Resources */ = {isa = PBXBuildFile; fileRef = 8BFD95D022FA208A00741B72 /* iPhone.storyboard */; };
		AE2C33DF81BD5E79684C4457 /* Pods_HamMessanger.framework in Frameworks */ = {isa = PBXBuildFile; fileRef = 65B5B7BD9D804E10F1AF3542 /* Pods_HamMessanger.framework */; };
		B96EA8268BBCAABAFAD0CBB4 /* Pods_HamMessangerUITests.framework in Frameworks */ = {isa = PBXBuildFile; fileRef = 620AF2BF7176E756F2DCA081 /* Pods_HamMessangerUITests.framework */; };
/* End PBXBuildFile section */

/* Begin PBXContainerItemProxy section */
		8BC0456D22F9B98800EABFD9 /* PBXContainerItemProxy */ = {
			isa = PBXContainerItemProxy;
			containerPortal = 8BC0454E22F9B98700EABFD9 /* Project object */;
			proxyType = 1;
			remoteGlobalIDString = 8BC0455522F9B98700EABFD9;
			remoteInfo = HamMessanger;
		};
		8BC0457822F9B98800EABFD9 /* PBXContainerItemProxy */ = {
			isa = PBXContainerItemProxy;
			containerPortal = 8BC0454E22F9B98700EABFD9 /* Project object */;
			proxyType = 1;
			remoteGlobalIDString = 8BC0455522F9B98700EABFD9;
			remoteInfo = HamMessanger;
		};
/* End PBXContainerItemProxy section */

/* Begin PBXFileReference section */
		07DEFDC15109EFF73C62CB6F /* Pods-HamMessanger.debug.xcconfig */ = {isa = PBXFileReference; includeInIndex = 1; lastKnownFileType = text.xcconfig; name = "Pods-HamMessanger.debug.xcconfig"; path = "Pods/Target Support Files/Pods-HamMessanger/Pods-HamMessanger.debug.xcconfig"; sourceTree = "<group>"; };
		0BF4AF3B3EDB0FDCF4C4951C /* Pods-HamMessangerTests.debug.xcconfig */ = {isa = PBXFileReference; includeInIndex = 1; lastKnownFileType = text.xcconfig; name = "Pods-HamMessangerTests.debug.xcconfig"; path = "Pods/Target Support Files/Pods-HamMessangerTests/Pods-HamMessangerTests.debug.xcconfig"; sourceTree = "<group>"; };
		0F808488D46E1705E1B6C8A4 /* Pods-HamMessangerUITests.release.xcconfig */ = {isa = PBXFileReference; includeInIndex = 1; lastKnownFileType = text.xcconfig; name = "Pods-HamMessangerUITests.release.xcconfig"; path = "Pods/Target Support Files/Pods-HamMessangerUITests/Pods-HamMessangerUITests.release.xcconfig"; sourceTree = "<group>"; };
		620AF2BF7176E756F2DCA081 /* Pods_HamMessangerUITests.framework */ = {isa = PBXFileReference; explicitFileType = wrapper.framework; includeInIndex = 0; path = Pods_HamMessangerUITests.framework; sourceTree = BUILT_PRODUCTS_DIR; };
		65B5B7BD9D804E10F1AF3542 /* Pods_HamMessanger.framework */ = {isa = PBXFileReference; explicitFileType = wrapper.framework; includeInIndex = 0; path = Pods_HamMessanger.framework; sourceTree = BUILT_PRODUCTS_DIR; };
		71A15519E433FB66778A8E44 /* Pods_HamMessangerTests.framework */ = {isa = PBXFileReference; explicitFileType = wrapper.framework; includeInIndex = 0; path = Pods_HamMessangerTests.framework; sourceTree = BUILT_PRODUCTS_DIR; };
		8929C74498713782BEF8D128 /* Pods-HamMessanger.release.xcconfig */ = {isa = PBXFileReference; includeInIndex = 1; lastKnownFileType = text.xcconfig; name = "Pods-HamMessanger.release.xcconfig"; path = "Pods/Target Support Files/Pods-HamMessanger/Pods-HamMessanger.release.xcconfig"; sourceTree = "<group>"; };
		8B19196023799170004B526E /* OnlineHandler.swift */ = {isa = PBXFileReference; lastKnownFileType = sourcecode.swift; path = OnlineHandler.swift; sourceTree = "<group>"; };
		8B1F5D6823F170A3002BA3DA /* Mac.storyboard */ = {isa = PBXFileReference; lastKnownFileType = file.storyboard; path = Mac.storyboard; sourceTree = "<group>"; };
		8B2097A0237340FB00B305CF /* TCPController.swift */ = {isa = PBXFileReference; lastKnownFileType = sourcecode.swift; path = TCPController.swift; sourceTree = "<group>"; };
		8B2097A22374444A00B305CF /* NBSError.swift */ = {isa = PBXFileReference; lastKnownFileType = sourcecode.swift; path = NBSError.swift; sourceTree = "<group>"; };
		8B34414B237A0F060038F246 /* HamMessanger.entitlements */ = {isa = PBXFileReference; lastKnownFileType = text.plist.entitlements; path = HamMessanger.entitlements; sourceTree = "<group>"; };
		8B9AAA7622FEE1EB00E87C01 /* TCPStuff.swift */ = {isa = PBXFileReference; lastKnownFileType = sourcecode.swift; path = TCPStuff.swift; sourceTree = "<group>"; };
		8BC0455622F9B98700EABFD9 /* HamMessanger.app */ = {isa = PBXFileReference; explicitFileType = wrapper.application; includeInIndex = 0; path = HamMessanger.app; sourceTree = BUILT_PRODUCTS_DIR; };
		8BC0455922F9B98700EABFD9 /* AppDelegate.swift */ = {isa = PBXFileReference; lastKnownFileType = sourcecode.swift; path = AppDelegate.swift; sourceTree = "<group>"; };
		8BC0455B22F9B98700EABFD9 /* ViewController.swift */ = {isa = PBXFileReference; lastKnownFileType = sourcecode.swift; path = ViewController.swift; sourceTree = "<group>"; };
		8BC0456222F9B98800EABFD9 /* Assets.xcassets */ = {isa = PBXFileReference; lastKnownFileType = folder.assetcatalog; path = Assets.xcassets; sourceTree = "<group>"; };
		8BC0456722F9B98800EABFD9 /* Info.plist */ = {isa = PBXFileReference; lastKnownFileType = text.plist.xml; path = Info.plist; sourceTree = "<group>"; };
		8BC0456C22F9B98800EABFD9 /* HamMessangerTests.xctest */ = {isa = PBXFileReference; explicitFileType = wrapper.cfbundle; includeInIndex = 0; path = HamMessangerTests.xctest; sourceTree = BUILT_PRODUCTS_DIR; };
		8BC0457022F9B98800EABFD9 /* HamMessangerTests.swift */ = {isa = PBXFileReference; lastKnownFileType = sourcecode.swift; path = HamMessangerTests.swift; sourceTree = "<group>"; };
		8BC0457222F9B98800EABFD9 /* Info.plist */ = {isa = PBXFileReference; lastKnownFileType = text.plist.xml; path = Info.plist; sourceTree = "<group>"; };
		8BC0457722F9B98800EABFD9 /* HamMessangerUITests.xctest */ = {isa = PBXFileReference; explicitFileType = wrapper.cfbundle; includeInIndex = 0; path = HamMessangerUITests.xctest; sourceTree = BUILT_PRODUCTS_DIR; };
		8BC0457B22F9B98800EABFD9 /* HamMessangerUITests.swift */ = {isa = PBXFileReference; lastKnownFileType = sourcecode.swift; path = HamMessangerUITests.swift; sourceTree = "<group>"; };
		8BC0457D22F9B98800EABFD9 /* Info.plist */ = {isa = PBXFileReference; lastKnownFileType = text.plist.xml; path = Info.plist; sourceTree = "<group>"; };
		8BC0458922F9B9D500EABFD9 /* HamMessage.swift */ = {isa = PBXFileReference; lastKnownFileType = sourcecode.swift; path = HamMessage.swift; sourceTree = "<group>"; };
		8BCC03822385B2E40041A116 /* MessageTableViewCell.swift */ = {isa = PBXFileReference; lastKnownFileType = sourcecode.swift; path = MessageTableViewCell.swift; sourceTree = "<group>"; };
		8BCC03862385B5580041A116 /* ReceivedMessage.swift */ = {isa = PBXFileReference; lastKnownFileType = sourcecode.swift; path = ReceivedMessage.swift; sourceTree = "<group>"; };
		8BCC038A2385BACE0041A116 /* MessageTableView.swift */ = {isa = PBXFileReference; lastKnownFileType = sourcecode.swift; path = MessageTableView.swift; sourceTree = "<group>"; };
		8BEB79CE2369DFE400883FF4 /* OnlineTableViewCell.swift */ = {isa = PBXFileReference; lastKnownFileType = sourcecode.swift; path = OnlineTableViewCell.swift; sourceTree = "<group>"; };
		8BFD5238236A04A90023B9CF /* OnlineTableViewController.swift */ = {isa = PBXFileReference; lastKnownFileType = sourcecode.swift; path = OnlineTableViewController.swift; sourceTree = "<group>"; };
		8BFD523A236A06D50023B9CF /* OnelineCall.swift */ = {isa = PBXFileReference; lastKnownFileType = sourcecode.swift; path = OnelineCall.swift; sourceTree = "<group>"; };
		8BFD95D022FA208A00741B72 /* iPhone.storyboard */ = {isa = PBXFileReference; fileEncoding = 4; lastKnownFileType = file.storyboard; path = iPhone.storyboard; sourceTree = "<group>"; };
		A127B54C0F36458E8BD24A38 /* Pods-HamMessangerUITests.debug.xcconfig */ = {isa = PBXFileReference; includeInIndex = 1; lastKnownFileType = text.xcconfig; name = "Pods-HamMessangerUITests.debug.xcconfig"; path = "Pods/Target Support Files/Pods-HamMessangerUITests/Pods-HamMessangerUITests.debug.xcconfig"; sourceTree = "<group>"; };
		A9BCF355B98D46DD9E83C413 /* Pods-HamMessangerTests.release.xcconfig */ = {isa = PBXFileReference; includeInIndex = 1; lastKnownFileType = text.xcconfig; name = "Pods-HamMessangerTests.release.xcconfig"; path = "Pods/Target Support Files/Pods-HamMessangerTests/Pods-HamMessangerTests.release.xcconfig"; sourceTree = "<group>"; };
/* End PBXFileReference section */

/* Begin PBXFrameworksBuildPhase section */
		8BC0455322F9B98700EABFD9 /* Frameworks */ = {
			isa = PBXFrameworksBuildPhase;
			buildActionMask = 2147483647;
			files = (
				AE2C33DF81BD5E79684C4457 /* Pods_HamMessanger.framework in Frameworks */,
			);
			runOnlyForDeploymentPostprocessing = 0;
		};
		8BC0456922F9B98800EABFD9 /* Frameworks */ = {
			isa = PBXFrameworksBuildPhase;
			buildActionMask = 2147483647;
			files = (
				32D0A281CAD3AA8CABFA8AFC /* Pods_HamMessangerTests.framework in Frameworks */,
			);
			runOnlyForDeploymentPostprocessing = 0;
		};
		8BC0457422F9B98800EABFD9 /* Frameworks */ = {
			isa = PBXFrameworksBuildPhase;
			buildActionMask = 2147483647;
			files = (
				B96EA8268BBCAABAFAD0CBB4 /* Pods_HamMessangerUITests.framework in Frameworks */,
			);
			runOnlyForDeploymentPostprocessing = 0;
		};
/* End PBXFrameworksBuildPhase section */

/* Begin PBXGroup section */
		0C8C2D61E84D1ADD526B205D /* Frameworks */ = {
			isa = PBXGroup;
			children = (
				65B5B7BD9D804E10F1AF3542 /* Pods_HamMessanger.framework */,
				71A15519E433FB66778A8E44 /* Pods_HamMessangerTests.framework */,
				620AF2BF7176E756F2DCA081 /* Pods_HamMessangerUITests.framework */,
			);
			name = Frameworks;
			sourceTree = "<group>";
		};
		8BC0454D22F9B98700EABFD9 = {
			isa = PBXGroup;
			children = (
				8BC0455822F9B98700EABFD9 /* HamMessanger */,
				8BC0456F22F9B98800EABFD9 /* HamMessangerTests */,
				8BC0457A22F9B98800EABFD9 /* HamMessangerUITests */,
				8BC0455722F9B98700EABFD9 /* Products */,
				9E85E800C369F1A6ED3ACD8E /* Pods */,
				0C8C2D61E84D1ADD526B205D /* Frameworks */,
			);
			sourceTree = "<group>";
		};
		8BC0455722F9B98700EABFD9 /* Products */ = {
			isa = PBXGroup;
			children = (
				8BC0455622F9B98700EABFD9 /* HamMessanger.app */,
				8BC0456C22F9B98800EABFD9 /* HamMessangerTests.xctest */,
				8BC0457722F9B98800EABFD9 /* HamMessangerUITests.xctest */,
			);
			name = Products;
			sourceTree = "<group>";
		};
		8BC0455822F9B98700EABFD9 /* HamMessanger */ = {
			isa = PBXGroup;
			children = (
				8BCC03802385B20A0041A116 /* MessageTable */,
				8BCC037D2385B0340041A116 /* OnlineTable */,
				8BCC037E2385B0540041A116 /* TCP Handling */,
				8B34414B237A0F060038F246 /* HamMessanger.entitlements */,
				8BC0455922F9B98700EABFD9 /* AppDelegate.swift */,
				8BC0455B22F9B98700EABFD9 /* ViewController.swift */,
				8BFD95D022FA208A00741B72 /* iPhone.storyboard */,
				8BC0456222F9B98800EABFD9 /* Assets.xcassets */,
				8BC0456722F9B98800EABFD9 /* Info.plist */,
				8BC0458922F9B9D500EABFD9 /* HamMessage.swift */,
				8B2097A22374444A00B305CF /* NBSError.swift */,
				8B1F5D6823F170A3002BA3DA /* Mac.storyboard */,
			);
			path = HamMessanger;
			sourceTree = "<group>";
		};
		8BC0456F22F9B98800EABFD9 /* HamMessangerTests */ = {
			isa = PBXGroup;
			children = (
				8BC0457022F9B98800EABFD9 /* HamMessangerTests.swift */,
				8BC0457222F9B98800EABFD9 /* Info.plist */,
			);
			path = HamMessangerTests;
			sourceTree = "<group>";
		};
		8BC0457A22F9B98800EABFD9 /* HamMessangerUITests */ = {
			isa = PBXGroup;
			children = (
				8BC0457B22F9B98800EABFD9 /* HamMessangerUITests.swift */,
				8BC0457D22F9B98800EABFD9 /* Info.plist */,
			);
			path = HamMessangerUITests;
			sourceTree = "<group>";
		};
		8BCC037D2385B0340041A116 /* OnlineTable */ = {
			isa = PBXGroup;
			children = (
				8BFD523A236A06D50023B9CF /* OnelineCall.swift */,
				8BEB79CE2369DFE400883FF4 /* OnlineTableViewCell.swift */,
				8BFD5238236A04A90023B9CF /* OnlineTableViewController.swift */,
			);
			path = OnlineTable;
			sourceTree = "<group>";
		};
		8BCC037E2385B0540041A116 /* TCP Handling */ = {
			isa = PBXGroup;
			children = (
				8B9AAA7622FEE1EB00E87C01 /* TCPStuff.swift */,
				8B2097A0237340FB00B305CF /* TCPController.swift */,
				8B19196023799170004B526E /* OnlineHandler.swift */,
			);
			path = "TCP Handling";
			sourceTree = "<group>";
		};
		8BCC03802385B20A0041A116 /* MessageTable */ = {
			isa = PBXGroup;
			children = (
				8BCC03822385B2E40041A116 /* MessageTableViewCell.swift */,
				8BCC03862385B5580041A116 /* ReceivedMessage.swift */,
				8BCC038A2385BACE0041A116 /* MessageTableView.swift */,
			);
			path = MessageTable;
			sourceTree = "<group>";
		};
		9E85E800C369F1A6ED3ACD8E /* Pods */ = {
			isa = PBXGroup;
			children = (
				07DEFDC15109EFF73C62CB6F /* Pods-HamMessanger.debug.xcconfig */,
				8929C74498713782BEF8D128 /* Pods-HamMessanger.release.xcconfig */,
				0BF4AF3B3EDB0FDCF4C4951C /* Pods-HamMessangerTests.debug.xcconfig */,
				A9BCF355B98D46DD9E83C413 /* Pods-HamMessangerTests.release.xcconfig */,
				A127B54C0F36458E8BD24A38 /* Pods-HamMessangerUITests.debug.xcconfig */,
				0F808488D46E1705E1B6C8A4 /* Pods-HamMessangerUITests.release.xcconfig */,
			);
			name = Pods;
			sourceTree = "<group>";
		};
/* End PBXGroup section */

/* Begin PBXNativeTarget section */
		8BC0455522F9B98700EABFD9 /* HamMessanger */ = {
			isa = PBXNativeTarget;
			buildConfigurationList = 8BC0458022F9B98800EABFD9 /* Build configuration list for PBXNativeTarget "HamMessanger" */;
			buildPhases = (
				C8D56D45A177A3F08631CFEE /* [CP] Check Pods Manifest.lock */,
				8BC0455222F9B98700EABFD9 /* Sources */,
				8BC0455322F9B98700EABFD9 /* Frameworks */,
				8BC0455422F9B98700EABFD9 /* Resources */,
				3E22FD9F2871265DC700CDC6 /* [CP] Embed Pods Frameworks */,
			);
			buildRules = (
			);
			dependencies = (
			);
			name = HamMessanger;
			productName = HamMessanger;
			productReference = 8BC0455622F9B98700EABFD9 /* HamMessanger.app */;
			productType = "com.apple.product-type.application";
		};
		8BC0456B22F9B98800EABFD9 /* HamMessangerTests */ = {
			isa = PBXNativeTarget;
			buildConfigurationList = 8BC0458322F9B98800EABFD9 /* Build configuration list for PBXNativeTarget "HamMessangerTests" */;
			buildPhases = (
				2A39A898F700F6D8E600A38C /* [CP] Check Pods Manifest.lock */,
				8BC0456822F9B98800EABFD9 /* Sources */,
				8BC0456922F9B98800EABFD9 /* Frameworks */,
				8BC0456A22F9B98800EABFD9 /* Resources */,
			);
			buildRules = (
			);
			dependencies = (
				8BC0456E22F9B98800EABFD9 /* PBXTargetDependency */,
			);
			name = HamMessangerTests;
			productName = HamMessangerTests;
			productReference = 8BC0456C22F9B98800EABFD9 /* HamMessangerTests.xctest */;
			productType = "com.apple.product-type.bundle.unit-test";
		};
		8BC0457622F9B98800EABFD9 /* HamMessangerUITests */ = {
			isa = PBXNativeTarget;
			buildConfigurationList = 8BC0458622F9B98800EABFD9 /* Build configuration list for PBXNativeTarget "HamMessangerUITests" */;
			buildPhases = (
				1D9A49EE69569689F2B2F62A /* [CP] Check Pods Manifest.lock */,
				8BC0457322F9B98800EABFD9 /* Sources */,
				8BC0457422F9B98800EABFD9 /* Frameworks */,
				8BC0457522F9B98800EABFD9 /* Resources */,
			);
			buildRules = (
			);
			dependencies = (
				8BC0457922F9B98800EABFD9 /* PBXTargetDependency */,
			);
			name = HamMessangerUITests;
			productName = HamMessangerUITests;
			productReference = 8BC0457722F9B98800EABFD9 /* HamMessangerUITests.xctest */;
			productType = "com.apple.product-type.bundle.ui-testing";
		};
/* End PBXNativeTarget section */

/* Begin PBXProject section */
		8BC0454E22F9B98700EABFD9 /* Project object */ = {
			isa = PBXProject;
			attributes = {
				LastSwiftUpdateCheck = 1030;
				LastUpgradeCheck = 1030;
				ORGANIZATIONNAME = NBSgamesAT;
				TargetAttributes = {
					8BC0455522F9B98700EABFD9 = {
						CreatedOnToolsVersion = 10.3;
					};
					8BC0456B22F9B98800EABFD9 = {
						CreatedOnToolsVersion = 10.3;
						TestTargetID = 8BC0455522F9B98700EABFD9;
					};
					8BC0457622F9B98800EABFD9 = {
						CreatedOnToolsVersion = 10.3;
						TestTargetID = 8BC0455522F9B98700EABFD9;
					};
				};
			};
			buildConfigurationList = 8BC0455122F9B98700EABFD9 /* Build configuration list for PBXProject "HamMessanger" */;
			compatibilityVersion = "Xcode 9.3";
			developmentRegion = en;
			hasScannedForEncodings = 0;
			knownRegions = (
				en,
				Base,
			);
			mainGroup = 8BC0454D22F9B98700EABFD9;
			productRefGroup = 8BC0455722F9B98700EABFD9 /* Products */;
			projectDirPath = "";
			projectRoot = "";
			targets = (
				8BC0455522F9B98700EABFD9 /* HamMessanger */,
				8BC0456B22F9B98800EABFD9 /* HamMessangerTests */,
				8BC0457622F9B98800EABFD9 /* HamMessangerUITests */,
			);
		};
/* End PBXProject section */

/* Begin PBXResourcesBuildPhase section */
		8BC0455422F9B98700EABFD9 /* Resources */ = {
			isa = PBXResourcesBuildPhase;
			buildActionMask = 2147483647;
			files = (
				8BC0456322F9B98800EABFD9 /* Assets.xcassets in Resources */,
				8B1F5D6923F170A3002BA3DA /* Mac.storyboard in Resources */,
				8BFD95D122FA208A00741B72 /* iPhone.storyboard in Resources */,
			);
			runOnlyForDeploymentPostprocessing = 0;
		};
		8BC0456A22F9B98800EABFD9 /* Resources */ = {
			isa = PBXResourcesBuildPhase;
			buildActionMask = 2147483647;
			files = (
			);
			runOnlyForDeploymentPostprocessing = 0;
		};
		8BC0457522F9B98800EABFD9 /* Resources */ = {
			isa = PBXResourcesBuildPhase;
			buildActionMask = 2147483647;
			files = (
			);
			runOnlyForDeploymentPostprocessing = 0;
		};
/* End PBXResourcesBuildPhase section */

/* Begin PBXShellScriptBuildPhase section */
		1D9A49EE69569689F2B2F62A /* [CP] Check Pods Manifest.lock */ = {
			isa = PBXShellScriptBuildPhase;
			buildActionMask = 2147483647;
			files = (
			);
			inputPaths = (
				"${PODS_PODFILE_DIR_PATH}/Podfile.lock",
				"${PODS_ROOT}/Manifest.lock",
			);
			name = "[CP] Check Pods Manifest.lock";
			outputPaths = (
				"$(DERIVED_FILE_DIR)/Pods-HamMessangerUITests-checkManifestLockResult.txt",
			);
			runOnlyForDeploymentPostprocessing = 0;
			shellPath = /bin/sh;
			shellScript = "diff \"${PODS_PODFILE_DIR_PATH}/Podfile.lock\" \"${PODS_ROOT}/Manifest.lock\" > /dev/null\nif [ $? != 0 ] ; then\n    # print error to STDERR\n    echo \"error: The sandbox is not in sync with the Podfile.lock. Run 'pod install' or update your CocoaPods installation.\" >&2\n    exit 1\nfi\n# This output is used by Xcode 'outputs' to avoid re-running this script phase.\necho \"SUCCESS\" > \"${SCRIPT_OUTPUT_FILE_0}\"\n";
			showEnvVarsInLog = 0;
		};
		2A39A898F700F6D8E600A38C /* [CP] Check Pods Manifest.lock */ = {
			isa = PBXShellScriptBuildPhase;
			buildActionMask = 2147483647;
			files = (
			);
			inputPaths = (
				"${PODS_PODFILE_DIR_PATH}/Podfile.lock",
				"${PODS_ROOT}/Manifest.lock",
			);
			name = "[CP] Check Pods Manifest.lock";
			outputPaths = (
				"$(DERIVED_FILE_DIR)/Pods-HamMessangerTests-checkManifestLockResult.txt",
			);
			runOnlyForDeploymentPostprocessing = 0;
			shellPath = /bin/sh;
			shellScript = "diff \"${PODS_PODFILE_DIR_PATH}/Podfile.lock\" \"${PODS_ROOT}/Manifest.lock\" > /dev/null\nif [ $? != 0 ] ; then\n    # print error to STDERR\n    echo \"error: The sandbox is not in sync with the Podfile.lock. Run 'pod install' or update your CocoaPods installation.\" >&2\n    exit 1\nfi\n# This output is used by Xcode 'outputs' to avoid re-running this script phase.\necho \"SUCCESS\" > \"${SCRIPT_OUTPUT_FILE_0}\"\n";
			showEnvVarsInLog = 0;
		};
		3E22FD9F2871265DC700CDC6 /* [CP] Embed Pods Frameworks */ = {
			isa = PBXShellScriptBuildPhase;
			buildActionMask = 2147483647;
			files = (
			);
			inputPaths = (
				"${SRCROOT}/Pods/Target Support Files/Pods-HamMessanger/Pods-HamMessanger-frameworks.sh",
				"${BUILT_PRODUCTS_DIR}/SwiftSocket/SwiftSocket.framework",
			);
			name = "[CP] Embed Pods Frameworks";
			outputPaths = (
				"${TARGET_BUILD_DIR}/${FRAMEWORKS_FOLDER_PATH}/SwiftSocket.framework",
			);
			runOnlyForDeploymentPostprocessing = 0;
			shellPath = /bin/sh;
			shellScript = "\"${SRCROOT}/Pods/Target Support Files/Pods-HamMessanger/Pods-HamMessanger-frameworks.sh\"\n";
			showEnvVarsInLog = 0;
		};
		C8D56D45A177A3F08631CFEE /* [CP] Check Pods Manifest.lock */ = {
			isa = PBXShellScriptBuildPhase;
			buildActionMask = 2147483647;
			files = (
			);
			inputPaths = (
				"${PODS_PODFILE_DIR_PATH}/Podfile.lock",
				"${PODS_ROOT}/Manifest.lock",
			);
			name = "[CP] Check Pods Manifest.lock";
			outputPaths = (
				"$(DERIVED_FILE_DIR)/Pods-HamMessanger-checkManifestLockResult.txt",
			);
			runOnlyForDeploymentPostprocessing = 0;
			shellPath = /bin/sh;
			shellScript = "diff \"${PODS_PODFILE_DIR_PATH}/Podfile.lock\" \"${PODS_ROOT}/Manifest.lock\" > /dev/null\nif [ $? != 0 ] ; then\n    # print error to STDERR\n    echo \"error: The sandbox is not in sync with the Podfile.lock. Run 'pod install' or update your CocoaPods installation.\" >&2\n    exit 1\nfi\n# This output is used by Xcode 'outputs' to avoid re-running this script phase.\necho \"SUCCESS\" > \"${SCRIPT_OUTPUT_FILE_0}\"\n";
			showEnvVarsInLog = 0;
		};
/* End PBXShellScriptBuildPhase section */

/* Begin PBXSourcesBuildPhase section */
		8BC0455222F9B98700EABFD9 /* Sources */ = {
			isa = PBXSourcesBuildPhase;
			buildActionMask = 2147483647;
			files = (
				8BFD523B236A06D50023B9CF /* OnelineCall.swift in Sources */,
				8B19196123799170004B526E /* OnlineHandler.swift in Sources */,
				8B2097A32374444A00B305CF /* NBSError.swift in Sources */,
				8B2097A1237340FB00B305CF /* TCPController.swift in Sources */,
				8BCC03832385B2E40041A116 /* MessageTableViewCell.swift in Sources */,
				8BCC038B2385BACE0041A116 /* MessageTableView.swift in Sources */,
				8BCC03872385B5580041A116 /* ReceivedMessage.swift in Sources */,
				8B9AAA7722FEE1EB00E87C01 /* TCPStuff.swift in Sources */,
				8BEB79CF2369DFE400883FF4 /* OnlineTableViewCell.swift in Sources */,
				8BC0455C22F9B98700EABFD9 /* ViewController.swift in Sources */,
				8BC0458A22F9B9D500EABFD9 /* HamMessage.swift in Sources */,
				8BFD5239236A04A90023B9CF /* OnlineTableViewController.swift in Sources */,
				8BC0455A22F9B98700EABFD9 /* AppDelegate.swift in Sources */,
			);
			runOnlyForDeploymentPostprocessing = 0;
		};
		8BC0456822F9B98800EABFD9 /* Sources */ = {
			isa = PBXSourcesBuildPhase;
			buildActionMask = 2147483647;
			files = (
				8BC0457122F9B98800EABFD9 /* HamMessangerTests.swift in Sources */,
			);
			runOnlyForDeploymentPostprocessing = 0;
		};
		8BC0457322F9B98800EABFD9 /* Sources */ = {
			isa = PBXSourcesBuildPhase;
			buildActionMask = 2147483647;
			files = (
				8BC0457C22F9B98800EABFD9 /* HamMessangerUITests.swift in Sources */,
			);
			runOnlyForDeploymentPostprocessing = 0;
		};
/* End PBXSourcesBuildPhase section */

/* Begin PBXTargetDependency section */
		8BC0456E22F9B98800EABFD9 /* PBXTargetDependency */ = {
			isa = PBXTargetDependency;
			target = 8BC0455522F9B98700EABFD9 /* HamMessanger */;
			targetProxy = 8BC0456D22F9B98800EABFD9 /* PBXContainerItemProxy */;
		};
		8BC0457922F9B98800EABFD9 /* PBXTargetDependency */ = {
			isa = PBXTargetDependency;
			target = 8BC0455522F9B98700EABFD9 /* HamMessanger */;
			targetProxy = 8BC0457822F9B98800EABFD9 /* PBXContainerItemProxy */;
		};
/* End PBXTargetDependency section */

/* Begin XCBuildConfiguration section */
		8BC0457E22F9B98800EABFD9 /* Debug */ = {
			isa = XCBuildConfiguration;
			buildSettings = {
				ALWAYS_SEARCH_USER_PATHS = NO;
				CLANG_ANALYZER_NONNULL = YES;
				CLANG_ANALYZER_NUMBER_OBJECT_CONVERSION = YES_AGGRESSIVE;
				CLANG_CXX_LANGUAGE_STANDARD = "gnu++14";
				CLANG_CXX_LIBRARY = "libc++";
				CLANG_ENABLE_MODULES = YES;
				CLANG_ENABLE_OBJC_ARC = YES;
				CLANG_ENABLE_OBJC_WEAK = YES;
				CLANG_WARN_BLOCK_CAPTURE_AUTORELEASING = YES;
				CLANG_WARN_BOOL_CONVERSION = YES;
				CLANG_WARN_COMMA = YES;
				CLANG_WARN_CONSTANT_CONVERSION = YES;
				CLANG_WARN_DEPRECATED_OBJC_IMPLEMENTATIONS = YES;
				CLANG_WARN_DIRECT_OBJC_ISA_USAGE = YES_ERROR;
				CLANG_WARN_DOCUMENTATION_COMMENTS = YES;
				CLANG_WARN_EMPTY_BODY = YES;
				CLANG_WARN_ENUM_CONVERSION = YES;
				CLANG_WARN_INFINITE_RECURSION = YES;
				CLANG_WARN_INT_CONVERSION = YES;
				CLANG_WARN_NON_LITERAL_NULL_CONVERSION = YES;
				CLANG_WARN_OBJC_IMPLICIT_RETAIN_SELF = YES;
				CLANG_WARN_OBJC_LITERAL_CONVERSION = YES;
				CLANG_WARN_OBJC_ROOT_CLASS = YES_ERROR;
				CLANG_WARN_RANGE_LOOP_ANALYSIS = YES;
				CLANG_WARN_STRICT_PROTOTYPES = YES;
				CLANG_WARN_SUSPICIOUS_MOVE = YES;
				CLANG_WARN_UNGUARDED_AVAILABILITY = YES_AGGRESSIVE;
				CLANG_WARN_UNREACHABLE_CODE = YES;
				CLANG_WARN__DUPLICATE_METHOD_MATCH = YES;
				CODE_SIGN_IDENTITY = "iPhone Developer";
				COPY_PHASE_STRIP = NO;
				DEBUG_INFORMATION_FORMAT = dwarf;
				ENABLE_STRICT_OBJC_MSGSEND = YES;
				ENABLE_TESTABILITY = YES;
				GCC_C_LANGUAGE_STANDARD = gnu11;
				GCC_DYNAMIC_NO_PIC = NO;
				GCC_NO_COMMON_BLOCKS = YES;
				GCC_OPTIMIZATION_LEVEL = 0;
				GCC_PREPROCESSOR_DEFINITIONS = (
					"DEBUG=1",
					"$(inherited)",
				);
				GCC_WARN_64_TO_32_BIT_CONVERSION = YES;
				GCC_WARN_ABOUT_RETURN_TYPE = YES_ERROR;
				GCC_WARN_UNDECLARED_SELECTOR = YES;
				GCC_WARN_UNINITIALIZED_AUTOS = YES_AGGRESSIVE;
				GCC_WARN_UNUSED_FUNCTION = YES;
				GCC_WARN_UNUSED_VARIABLE = YES;
				IPHONEOS_DEPLOYMENT_TARGET = 13.0;
				MTL_ENABLE_DEBUG_INFO = INCLUDE_SOURCE;
				MTL_FAST_MATH = YES;
				ONLY_ACTIVE_ARCH = YES;
				SDKROOT = iphoneos;
				SWIFT_ACTIVE_COMPILATION_CONDITIONS = DEBUG;
				SWIFT_OPTIMIZATION_LEVEL = "-Onone";
			};
			name = Debug;
		};
		8BC0457F22F9B98800EABFD9 /* Release */ = {
			isa = XCBuildConfiguration;
			buildSettings = {
				ALWAYS_SEARCH_USER_PATHS = NO;
				CLANG_ANALYZER_NONNULL = YES;
				CLANG_ANALYZER_NUMBER_OBJECT_CONVERSION = YES_AGGRESSIVE;
				CLANG_CXX_LANGUAGE_STANDARD = "gnu++14";
				CLANG_CXX_LIBRARY = "libc++";
				CLANG_ENABLE_MODULES = YES;
				CLANG_ENABLE_OBJC_ARC = YES;
				CLANG_ENABLE_OBJC_WEAK = YES;
				CLANG_WARN_BLOCK_CAPTURE_AUTORELEASING = YES;
				CLANG_WARN_BOOL_CONVERSION = YES;
				CLANG_WARN_COMMA = YES;
				CLANG_WARN_CONSTANT_CONVERSION = YES;
				CLANG_WARN_DEPRECATED_OBJC_IMPLEMENTATIONS = YES;
				CLANG_WARN_DIRECT_OBJC_ISA_USAGE = YES_ERROR;
				CLANG_WARN_DOCUMENTATION_COMMENTS = YES;
				CLANG_WARN_EMPTY_BODY = YES;
				CLANG_WARN_ENUM_CONVERSION = YES;
				CLANG_WARN_INFINITE_RECURSION = YES;
				CLANG_WARN_INT_CONVERSION = YES;
				CLANG_WARN_NON_LITERAL_NULL_CONVERSION = YES;
				CLANG_WARN_OBJC_IMPLICIT_RETAIN_SELF = YES;
				CLANG_WARN_OBJC_LITERAL_CONVERSION = YES;
				CLANG_WARN_OBJC_ROOT_CLASS = YES_ERROR;
				CLANG_WARN_RANGE_LOOP_ANALYSIS = YES;
				CLANG_WARN_STRICT_PROTOTYPES = YES;
				CLANG_WARN_SUSPICIOUS_MOVE = YES;
				CLANG_WARN_UNGUARDED_AVAILABILITY = YES_AGGRESSIVE;
				CLANG_WARN_UNREACHABLE_CODE = YES;
				CLANG_WARN__DUPLICATE_METHOD_MATCH = YES;
				CODE_SIGN_IDENTITY = "iPhone Developer";
				COPY_PHASE_STRIP = NO;
				DEBUG_INFORMATION_FORMAT = "dwarf-with-dsym";
				ENABLE_NS_ASSERTIONS = NO;
				ENABLE_STRICT_OBJC_MSGSEND = YES;
				GCC_C_LANGUAGE_STANDARD = gnu11;
				GCC_NO_COMMON_BLOCKS = YES;
				GCC_WARN_64_TO_32_BIT_CONVERSION = YES;
				GCC_WARN_ABOUT_RETURN_TYPE = YES_ERROR;
				GCC_WARN_UNDECLARED_SELECTOR = YES;
				GCC_WARN_UNINITIALIZED_AUTOS = YES_AGGRESSIVE;
				GCC_WARN_UNUSED_FUNCTION = YES;
				GCC_WARN_UNUSED_VARIABLE = YES;
				IPHONEOS_DEPLOYMENT_TARGET = 13.0;
				MTL_ENABLE_DEBUG_INFO = NO;
				MTL_FAST_MATH = YES;
				SDKROOT = iphoneos;
				SWIFT_COMPILATION_MODE = wholemodule;
				SWIFT_OPTIMIZATION_LEVEL = "-O";
				VALIDATE_PRODUCT = YES;
			};
			name = Release;
		};
		8BC0458122F9B98800EABFD9 /* Debug */ = {
			isa = XCBuildConfiguration;
			baseConfigurationReference = 07DEFDC15109EFF73C62CB6F /* Pods-HamMessanger.debug.xcconfig */;
			buildSettings = {
				ASSETCATALOG_COMPILER_APPICON_NAME = AppIcon;
				CODE_SIGN_ENTITLEMENTS = HamMessanger/HamMessanger.entitlements;
				CODE_SIGN_IDENTITY = "iPhone Developer";
				"CODE_SIGN_IDENTITY[sdk=macosx*]" = "Apple Development";
				CODE_SIGN_STYLE = Manual;
				DERIVE_MACCATALYST_PRODUCT_BUNDLE_IDENTIFIER = YES;
				DEVELOPMENT_TEAM = D46R59592N;
				INFOPLIST_FILE = HamMessanger/Info.plist;
				IPHONEOS_DEPLOYMENT_TARGET = 11.0;
				LD_RUNPATH_SEARCH_PATHS = (
					"$(inherited)",
					"@executable_path/Frameworks",
				);
				PRODUCT_BUNDLE_IDENTIFIER = at.NBSgames.HamMessanger;
				PRODUCT_NAME = "$(TARGET_NAME)";
				PROVISIONING_PROFILE_SPECIFIER = "Profile For HamMessanger";
				"PROVISIONING_PROFILE_SPECIFIER[sdk=macosx*]" = "MacVersion of HamMessanger";
				SUPPORTS_MACCATALYST = YES;
				SWIFT_VERSION = 5.0;
				TARGETED_DEVICE_FAMILY = "1,2";
			};
			name = Debug;
		};
		8BC0458222F9B98800EABFD9 /* Release */ = {
			isa = XCBuildConfiguration;
			baseConfigurationReference = 8929C74498713782BEF8D128 /* Pods-HamMessanger.release.xcconfig */;
			buildSettings = {
				ASSETCATALOG_COMPILER_APPICON_NAME = AppIcon;
				CODE_SIGN_ENTITLEMENTS = HamMessanger/HamMessanger.entitlements;
				CODE_SIGN_IDENTITY = "iPhone Developer";
				"CODE_SIGN_IDENTITY[sdk=macosx*]" = "Apple Development";
				CODE_SIGN_STYLE = Manual;
				DERIVE_MACCATALYST_PRODUCT_BUNDLE_IDENTIFIER = YES;
				DEVELOPMENT_TEAM = D46R59592N;
				INFOPLIST_FILE = HamMessanger/Info.plist;
				IPHONEOS_DEPLOYMENT_TARGET = 11.0;
				LD_RUNPATH_SEARCH_PATHS = (
					"$(inherited)",
					"@executable_path/Frameworks",
				);
				PRODUCT_BUNDLE_IDENTIFIER = at.NBSgames.HamMessanger;
				PRODUCT_NAME = "$(TARGET_NAME)";
				PROVISIONING_PROFILE_SPECIFIER = "Profile For HamMessanger";
				"PROVISIONING_PROFILE_SPECIFIER[sdk=macosx*]" = "MacVersion of HamMessanger";
				SUPPORTS_MACCATALYST = YES;
				SWIFT_VERSION = 5.0;
				TARGETED_DEVICE_FAMILY = "1,2";
			};
			name = Release;
		};
		8BC0458422F9B98800EABFD9 /* Debug */ = {
			isa = XCBuildConfiguration;
			baseConfigurationReference = 0BF4AF3B3EDB0FDCF4C4951C /* Pods-HamMessangerTests.debug.xcconfig */;
			buildSettings = {
				ALWAYS_EMBED_SWIFT_STANDARD_LIBRARIES = YES;
				BUNDLE_LOADER = "$(TEST_HOST)";
				CODE_SIGN_STYLE = Automatic;
				DEVELOPMENT_TEAM = D46R59592N;
				INFOPLIST_FILE = HamMessangerTests/Info.plist;
				LD_RUNPATH_SEARCH_PATHS = (
					"$(inherited)",
					"@executable_path/Frameworks",
					"@loader_path/Frameworks",
				);
				PRODUCT_BUNDLE_IDENTIFIER = at.NBSgames.HamMessangerTests;
				PRODUCT_NAME = "$(TARGET_NAME)";
				SWIFT_VERSION = 5.0;
				TARGETED_DEVICE_FAMILY = "1,2";
				TEST_HOST = "$(BUILT_PRODUCTS_DIR)/HamMessanger.app/HamMessanger";
			};
			name = Debug;
		};
		8BC0458522F9B98800EABFD9 /* Release */ = {
			isa = XCBuildConfiguration;
			baseConfigurationReference = A9BCF355B98D46DD9E83C413 /* Pods-HamMessangerTests.release.xcconfig */;
			buildSettings = {
				ALWAYS_EMBED_SWIFT_STANDARD_LIBRARIES = YES;
				BUNDLE_LOADER = "$(TEST_HOST)";
				CODE_SIGN_STYLE = Automatic;
				DEVELOPMENT_TEAM = D46R59592N;
				INFOPLIST_FILE = HamMessangerTests/Info.plist;
				LD_RUNPATH_SEARCH_PATHS = (
					"$(inherited)",
					"@executable_path/Frameworks",
					"@loader_path/Frameworks",
				);
				PRODUCT_BUNDLE_IDENTIFIER = at.NBSgames.HamMessangerTests;
				PRODUCT_NAME = "$(TARGET_NAME)";
				SWIFT_VERSION = 5.0;
				TARGETED_DEVICE_FAMILY = "1,2";
				TEST_HOST = "$(BUILT_PRODUCTS_DIR)/HamMessanger.app/HamMessanger";
			};
			name = Release;
		};
		8BC0458722F9B98800EABFD9 /* Debug */ = {
			isa = XCBuildConfiguration;
			baseConfigurationReference = A127B54C0F36458E8BD24A38 /* Pods-HamMessangerUITests.debug.xcconfig */;
			buildSettings = {
				ALWAYS_EMBED_SWIFT_STANDARD_LIBRARIES = YES;
				CODE_SIGN_STYLE = Automatic;
				DEVELOPMENT_TEAM = D46R59592N;
				INFOPLIST_FILE = HamMessangerUITests/Info.plist;
				LD_RUNPATH_SEARCH_PATHS = (
					"$(inherited)",
					"@executable_path/Frameworks",
					"@loader_path/Frameworks",
				);
				PRODUCT_BUNDLE_IDENTIFIER = at.NBSgames.HamMessangerUITests;
				PRODUCT_NAME = "$(TARGET_NAME)";
				SWIFT_VERSION = 5.0;
				TARGETED_DEVICE_FAMILY = "1,2";
				TEST_TARGET_NAME = HamMessanger;
			};
			name = Debug;
		};
		8BC0458822F9B98800EABFD9 /* Release */ = {
			isa = XCBuildConfiguration;
			baseConfigurationReference = 0F808488D46E1705E1B6C8A4 /* Pods-HamMessangerUITests.release.xcconfig */;
			buildSettings = {
				ALWAYS_EMBED_SWIFT_STANDARD_LIBRARIES = YES;
				CODE_SIGN_STYLE = Automatic;
				DEVELOPMENT_TEAM = D46R59592N;
				INFOPLIST_FILE = HamMessangerUITests/Info.plist;
				LD_RUNPATH_SEARCH_PATHS = (
					"$(inherited)",
					"@executable_path/Frameworks",
					"@loader_path/Frameworks",
				);
				PRODUCT_BUNDLE_IDENTIFIER = at.NBSgames.HamMessangerUITests;
				PRODUCT_NAME = "$(TARGET_NAME)";
				SWIFT_VERSION = 5.0;
				TARGETED_DEVICE_FAMILY = "1,2";
				TEST_TARGET_NAME = HamMessanger;
			};
			name = Release;
		};
/* End XCBuildConfiguration section */

/* Begin XCConfigurationList section */
		8BC0455122F9B98700EABFD9 /* Build configuration list for PBXProject "HamMessanger" */ = {
			isa = XCConfigurationList;
			buildConfigurations = (
				8BC0457E22F9B98800EABFD9 /* Debug */,
				8BC0457F22F9B98800EABFD9 /* Release */,
			);
			defaultConfigurationIsVisible = 0;
			defaultConfigurationName = Release;
		};
		8BC0458022F9B98800EABFD9 /* Build configuration list for PBXNativeTarget "HamMessanger" */ = {
			isa = XCConfigurationList;
			buildConfigurations = (
				8BC0458122F9B98800EABFD9 /* Debug */,
				8BC0458222F9B98800EABFD9 /* Release */,
			);
			defaultConfigurationIsVisible = 0;
			defaultConfigurationName = Release;
		};
		8BC0458322F9B98800EABFD9 /* Build configuration list for PBXNativeTarget "HamMessangerTests" */ = {
			isa = XCConfigurationList;
			buildConfigurations = (
				8BC0458422F9B98800EABFD9 /* Debug */,
				8BC0458522F9B98800EABFD9 /* Release */,
			);
			defaultConfigurationIsVisible = 0;
			defaultConfigurationName = Release;
		};
		8BC0458622F9B98800EABFD9 /* Build configuration list for PBXNativeTarget "HamMessangerUITests" */ = {
			isa = XCConfigurationList;
			buildConfigurations = (
				8BC0458722F9B98800EABFD9 /* Debug */,
				8BC0458822F9B98800EABFD9 /* Release */,
			);
			defaultConfigurationIsVisible = 0;
			defaultConfigurationName = Release;
		};
/* End XCConfigurationList section */
	};
	rootObject = 8BC0454E22F9B98700EABFD9 /* Project object */;
}
